{
    "_readme": [
        "This file locks the dependencies of your project to a known state",
        "Read more about it at https://getcomposer.org/doc/01-basic-usage.md#composer-lock-the-lock-file",
        "This file is @generated automatically"
    ],
    "content-hash": "1217decec4ed905652a619c9663f8ea4",
    "packages": [
        {
            "name": "rmccue/requests",
            "version": "v1.7.0",
            "source": {
                "type": "git",
                "url": "https://github.com/rmccue/Requests.git",
                "reference": "87932f52ffad70504d93f04f15690cf16a089546"
            },
            "dist": {
                "type": "zip",
                "url": "https://api.github.com/repos/rmccue/Requests/zipball/87932f52ffad70504d93f04f15690cf16a089546",
                "reference": "87932f52ffad70504d93f04f15690cf16a089546",
                "shasum": ""
            },
            "require": {
                "php": ">=5.2"
            },
            "require-dev": {
                "requests/test-server": "dev-master"
            },
            "type": "library",
            "autoload": {
                "psr-0": {
                    "Requests": "library/"
                }
            },
            "notification-url": "https://packagist.org/downloads/",
            "license": [
                "ISC"
            ],
            "authors": [
                {
                    "name": "Ryan McCue",
                    "homepage": "http://ryanmccue.info"
                }
            ],
            "description": "A HTTP library written in PHP, for human beings.",
            "homepage": "http://github.com/rmccue/Requests",
            "keywords": [
                "curl",
                "fsockopen",
                "http",
                "idna",
                "ipv6",
                "iri",
                "sockets"
            ],
            "time": "2016-10-13T00:11:37+00:00"
        },
        {
            "name": "smarty/smarty",
            "version": "v3.1.31",
            "source": {
                "type": "git",
                "url": "https://github.com/smarty-php/smarty.git",
                "reference": "c7d42e4a327c402897dd587871434888fde1e7a9"
            },
            "dist": {
                "type": "zip",
                "url": "https://api.github.com/repos/smarty-php/smarty/zipball/c7d42e4a327c402897dd587871434888fde1e7a9",
                "reference": "c7d42e4a327c402897dd587871434888fde1e7a9",
                "shasum": ""
            },
            "require": {
                "php": ">=5.2"
            },
            "type": "library",
            "extra": {
                "branch-alias": {
                    "dev-master": "3.1.x-dev"
                }
            },
            "autoload": {
                "files": [
                    "libs/bootstrap.php"
                ]
            },
            "notification-url": "https://packagist.org/downloads/",
            "license": [
                "LGPL-3.0"
            ],
            "authors": [
                {
                    "name": "Monte Ohrt",
                    "email": "monte@ohrt.com"
                },
                {
                    "name": "Uwe Tews",
                    "email": "uwe.tews@googlemail.com"
                },
                {
                    "name": "Rodney Rehm",
                    "email": "rodney.rehm@medialize.de"
                }
            ],
            "description": "Smarty - the compiling PHP template engine",
            "homepage": "http://www.smarty.net",
            "keywords": [
                "templating"
            ],
            "time": "2016-12-14T21:57:25+00:00"
        }
    ],
    "packages-dev": [],
    "aliases": [],
    "minimum-stability": "stable",
    "stability-flags": [],
    "prefer-stable": false,
    "prefer-lowest": false,
    "platform": {
        "php": ">=5.6.0"
    },
    "platform-dev": {
        "ext-imap": "*",
        "ext-openssl": "*",
        "ext-mbstring": "*",
        "ext-spl": "*",
        "ext-json": "*",
        "ext-dom": "*",
        "ext-zlib": "*",
        "ext-pdo": "*",
        "ext-curl": "*",
        "ext-gd": "*",
        "ext-pcre": "*",
        "ext-session": "*",
        "ext-soap": "*",
        "ext-zip": "*",
        "ext-xml": "*"
    }
}
