# THIS IS AN AUTOGENERATED FILE. DO NOT EDIT THIS FILE DIRECTLY.
# yarn lockfile v1


almond@~0.3.1:
  version "0.3.3"
  resolved "https://registry.yarnpkg.com/almond/-/almond-0.3.3.tgz#a0e7c95ac7624d6417b4494b1e68bff693168a20"

bootstrap-chosen@^1.4.2:
  version "1.4.2"
  resolved "https://registry.yarnpkg.com/bootstrap-chosen/-/bootstrap-chosen-1.4.2.tgz#d7a184b21ecd952d586982339c60128f8827334d"

chosen-js@^1.8.2:
  version "1.8.2"
  resolved "https://registry.yarnpkg.com/chosen-js/-/chosen-js-1.8.2.tgz#bfd8ed1266ef667fbbc453c7e5b88d4c470e897e"

ckeditor@^4.8.0:
  version "4.8.0"
  resolved "https://registry.yarnpkg.com/ckeditor/-/ckeditor-4.8.0.tgz#5d450fa02a68d5a143cf5619754fbf0c04cad426"

css-element-queries@^1.0.1:
  version "1.0.1"
  resolved "https://registry.yarnpkg.com/css-element-queries/-/css-element-queries-1.0.1.tgz#dd14970dd66a7634ec59028fee3820f2a7eff8a8"

font-awesome@>=4.7.0:
  version "4.7.0"
  resolved "https://registry.yarnpkg.com/font-awesome/-/font-awesome-4.7.0.tgz#8fa8cf0411a1a31afd07b06d2902bb9fc815a133"

fullcalendar@3.8.0:
  version "3.8.0"
  resolved "https://registry.yarnpkg.com/fullcalendar/-/fullcalendar-3.8.0.tgz#4c0fe494a62b0a8d640c6de8eb883b49a212b5dc"
  dependencies:
    jquery "2 - 3"
    moment "^2.9.0"

jquery-mousewheel@~3.1.13:
  version "3.1.13"
  resolved "https://registry.yarnpkg.com/jquery-mousewheel/-/jquery-mousewheel-3.1.13.tgz#06f0335f16e353a695e7206bf50503cb523a6ee5"

"jquery@2 - 3":
  version "3.2.1"
  resolved "https://registry.yarnpkg.com/jquery/-/jquery-3.2.1.tgz#5c4d9de652af6cd0a770154a631bba12b015c787"

jquery@<3.0.0:
  version "2.2.4"
  resolved "https://registry.yarnpkg.com/jquery/-/jquery-2.2.4.tgz#2c89d6889b5eac522a7eea32c14521559c6cbf02"

lodash.debounce@^4.0.8:
  version "4.0.8"
  resolved "https://registry.yarnpkg.com/lodash.debounce/-/lodash.debounce-4.0.8.tgz#82d79bff30a67c4005ffd5e2515300ad9ca4d7af"

moment@>=2.18.1, moment@^2.9.0:
  version "2.20.1"
  resolved "https://registry.yarnpkg.com/moment/-/moment-2.20.1.tgz#d6eb1a46cbcc14a2b2f9434112c1ff8907f313fd"

object-assign@^4.1.1:
  version "4.1.1"
  resolved "https://registry.yarnpkg.com/object-assign/-/object-assign-4.1.1.tgz#2109adc7965887cfc05cbbd442cac8bfbb360863"

resize-observer-polyfill@^1.4.2:
  version "1.5.0"
  resolved "https://registry.yarnpkg.com/resize-observer-polyfill/-/resize-observer-polyfill-1.5.0.tgz#660ff1d9712a2382baa2cad450a4716209f9ca69"

scrollbarwidth@^0.1.3:
  version "0.1.3"
  resolved "https://registry.yarnpkg.com/scrollbarwidth/-/scrollbarwidth-0.1.3.tgz#1b0de64e288c38c427f4a01fe00a462a04b94fdf"

select2-bootstrap-theme@^0.1.0-beta.10:
  version "0.1.0-beta.10"
  resolved "https://registry.yarnpkg.com/select2-bootstrap-theme/-/select2-bootstrap-theme-0.1.0-beta.10.tgz#b9426ecfc03bf4a235e76a132377574310469ac0"

select2@^4.0.6-rc.1:
  version "4.0.6-rc.1"
  resolved "https://registry.yarnpkg.com/select2/-/select2-4.0.6-rc.1.tgz#aa6c3038a7f0f2e91ffade38f0a21c15e1813276"
  dependencies:
    almond "~0.3.1"
    jquery-mousewheel "~3.1.13"

simplebar@^2.5.1:
  version "2.5.1"
  resolved "https://registry.yarnpkg.com/simplebar/-/simplebar-2.5.1.tgz#a59e5aa283afe1f2a89b48ebc052613e1e456fef"
  dependencies:
    lodash.debounce "^4.0.8"
    object-assign "^4.1.1"
    resize-observer-polyfill "^1.4.2"
    scrollbarwidth "^0.1.3"

split.js@^1.3.5:
  version "1.3.5"
  resolved "https://registry.yarnpkg.com/split.js/-/split.js-1.3.5.tgz#62e2ce66d2cf91cc774aa5f0749ff25138039f50"
