# THIS IS AN AUTOGENERATED FILE. DO NOT EDIT THIS FILE DIRECTLY.
# yarn lockfile v1


"@babel/parser@^7.18.4":
  version "7.18.11"
  resolved "https://registry.yarnpkg.com/@babel/parser/-/parser-7.18.11.tgz#68bb07ab3d380affa9a3f96728df07969645d2d9"
  integrity sha512-9JKn5vN+hDt0Hdqn1PiJ2guflwP+B6Ga8qbDuoF0PzzVhrzsKIJo8yGqVk6CmMHiMei9w1C1Bp9IMJSIK+HPIQ==

"@babel/polyfill@^7.12.1":
  version "7.12.1"
  resolved "https://registry.yarnpkg.com/@babel/polyfill/-/polyfill-7.12.1.tgz#1f2d6371d1261bbd961f3c5d5909150e12d0bd96"
  integrity sha512-X0pi0V6gxLi6lFZpGmeNa4zxtwEmCs42isWLNjZZDE0Y8yVfgu0T2OAHlzBbdYlqbW/YXVvoBHpATEM+goCj8g==
  dependencies:
    core-js "^2.6.5"
    regenerator-runtime "^0.13.4"

"@babel/runtime@^7.18.6":
  version "7.18.9"
  resolved "https://registry.yarnpkg.com/@babel/runtime/-/runtime-7.18.9.tgz#b4fcfce55db3d2e5e080d2490f608a3b9f407f4a"
  integrity sha512-lkqXDcvlFT5rvEjiu6+QYO+1GXrEHRo2LOtS7E4GtX5ESIZOgepqsZBVIj6Pv+a6zqsya9VCgiK1KAK4BvJDAw==
  dependencies:
    regenerator-runtime "^0.13.4"

"@fortawesome/fontawesome-free@^6.1":
  version "6.1.2"
  resolved "https://registry.yarnpkg.com/@fortawesome/fontawesome-free/-/fontawesome-free-6.1.2.tgz#d18880eddeadd42b1c64cb559f2f3d13d47a4a64"
  integrity sha512-XwWADtfdSN73/udaFm+1mnGIj/ShDZNFMe/PRoqv3FhQ4GNI2PUN70yFTPsjq65Lw2C9i4TG5/hTbxXIXVCiqQ==

"@mdi/font@^7.0":
  version "7.0.96"
  resolved "https://registry.yarnpkg.com/@mdi/font/-/font-7.0.96.tgz#9853c222623072f5575b4039c8c195ea929b61fc"
  integrity sha512-rzlxTfR64hqY8yiBzDjmANfcd8rv+T5C0Yedv/TWk2QyAQYdc66e0kaN1ipmnYU3RukHRTRcBARHzzm+tIhL7w==

"@pnotify/bootstrap4@^5":
  version "5.2.0"
  resolved "https://registry.yarnpkg.com/@pnotify/bootstrap4/-/bootstrap4-5.2.0.tgz#8e321c4b1228f6cedafcc04580cbde7ed6ad55a0"
  integrity sha512-yjHCpUEAm64BrgGvrjL4+iPrwRkmVU5hL9khjruImFr29oXlA7dufzK1kIapFKNcUpLmu5izfcWHIfqf3rPBuQ==
  dependencies:
    "@pnotify/core" "^5.2.0"

"@pnotify/confirm@^5":
  version "5.2.0"
  resolved "https://registry.yarnpkg.com/@pnotify/confirm/-/confirm-5.2.0.tgz#232312b058e399140d28090c69bcff4e8d1275da"
  integrity sha512-lGiuPu2arjdysjQVrAMLZxGcP3T6+5U5MVzVmA8SjVl9L67mIqcg7EzW1YNwNQynnXVOyWrTLHaI3LeCe2ixag==
  dependencies:
    "@pnotify/core" "^5.2.0"

"@pnotify/core@^5", "@pnotify/core@^5.2.0":
  version "5.2.0"
  resolved "https://registry.yarnpkg.com/@pnotify/core/-/core-5.2.0.tgz#fac2b1ab9b8cdad809c8bd82f169e6a9066d78cf"
  integrity sha512-d9ZM7Q6ZxuwTJ14QbOa7pWmoUqObPis7S1K+TzISffrL8w2f7JigEPI281agLShVAMIsE5SsC6O9YhkutwekbA==

"@pnotify/desktop@^5":
  version "5.2.0"
  resolved "https://registry.yarnpkg.com/@pnotify/desktop/-/desktop-5.2.0.tgz#ae2b17364fbf922bbd2506d34c8c7094a904218a"
  integrity sha512-pJ5wBpZWoALO6H7lh04euS9UDQ6b/ZkJXkIP90GhzeeW5drPNKJRCLnLnDGvGCdxnH7ZkXoL9Ez+KtL0V6+joA==
  dependencies:
    "@pnotify/core" "^5.2.0"

"@pnotify/font-awesome5@^5":
  version "5.2.0"
  resolved "https://registry.yarnpkg.com/@pnotify/font-awesome5/-/font-awesome5-5.2.0.tgz#8c6e9caed816e67b98d45c9c55024237b5b45fcb"
  integrity sha512-zeUIQHhaCTfqITcsRFn1c7+RGny1hDt+YevNWNzAnw+D97YrYZPdMTHtjjtskbwMEa0xK+vtr1Jskggz3fqWpg==
  dependencies:
    "@pnotify/core" "^5.2.0"

"@pnotify/mobile@^5":
  version "5.2.0"
  resolved "https://registry.yarnpkg.com/@pnotify/mobile/-/mobile-5.2.0.tgz#ba5475383c1475832636e5e838a07529b589b1c3"
  integrity sha512-uu0V7h41Y8UTQA6ZB26PcHU7wHu5nwP/FEmMyimHEpEqhrvkzIRD2CxB7zu9SYp3Jk2NFcJC3NiueO3Kh25CVA==
  dependencies:
    "@pnotify/core" "^5.2.0"

"@vue/compiler-sfc@2.7.8":
  version "2.7.8"
  resolved "https://registry.yarnpkg.com/@vue/compiler-sfc/-/compiler-sfc-2.7.8.tgz#731aadd6beafdb9c72fd8614ce189ac6cee87612"
  integrity sha512-2DK4YWKfgLnW9VDR9gnju1gcYRk3flKj8UNsms7fsRmFcg35slVTZEkqwBtX+wJBXaamFfn6NxSsZh3h12Ix/Q==
  dependencies:
    "@babel/parser" "^7.18.4"
    postcss "^8.4.14"
    source-map "^0.6.1"

add@^2.0.6:
  version "2.0.6"
  resolved "https://registry.yarnpkg.com/add/-/add-2.0.6.tgz#248f0a9f6e5a528ef2295dbeec30532130ae2235"
  integrity sha512-j5QzrmsokwWWp6kUcJQySpbG+xfOBqqKnup3OIk1pz+kB/80SLorZ9V8zHFLO92Lcd+hbvq8bT+zOGoPkmBV0Q==

animate.css@^4.0:
  version "4.1.1"
  resolved "https://registry.yarnpkg.com/animate.css/-/animate.css-4.1.1.tgz#614ec5a81131d7e4dc362a58143f7406abd68075"
  integrity sha512-+mRmCTv6SbCmtYJCN4faJMNFVNN5EuCTTprDTAo7YzIGji2KADmakjVA3+8mVDkZ2Bf09vayB35lSQIex2+QaQ==

base64-arraybuffer@^1.0.2:
  version "1.0.2"
  resolved "https://registry.yarnpkg.com/base64-arraybuffer/-/base64-arraybuffer-1.0.2.tgz#1c37589a7c4b0746e34bd1feb951da2df01c1bdc"
  integrity sha512-I3yl4r9QB5ZRY3XuJVEPfc2XhZO6YweFPI+UovAzn+8/hb3oJ6lnysaFcjVpkCPfVWFUDvoZ8kmVDP7WyRtYtQ==

block-ui@^2.70.1:
  version "2.70.1"
  resolved "https://registry.yarnpkg.com/block-ui/-/block-ui-2.70.1.tgz#c862d64ee6288fb78123377c6680bc7ab262103f"
  integrity sha512-Hx69Bw368lQ9+zOcisvWpoHBsZi9owHQ1YBwLZXFhOMXv59VjBSHHCDWfTaByYSUoNZgTt/sjR1juEbyqwWpwQ==
  dependencies:
    jquery ">=1.7.x"

blueimp-canvas-to-blob@3:
  version "3.29.0"
  resolved "https://registry.yarnpkg.com/blueimp-canvas-to-blob/-/blueimp-canvas-to-blob-3.29.0.tgz#d965f06cb1a67fdae207a2be56683f55ef531466"
  integrity sha512-0pcSSGxC0QxT+yVkivxIqW0Y4VlO2XSDPofBAqoJ1qJxgH9eiUDLv50Rixij2cDuEfx4M6DpD9UGZpRhT5Q8qg==

blueimp-file-upload@^10.6.0:
  version "10.32.0"
  resolved "https://registry.yarnpkg.com/blueimp-file-upload/-/blueimp-file-upload-10.32.0.tgz#897c91f813ccf4b6cd14db2da3da237ce433e04e"
  integrity sha512-3WMJw5Cbfz94Adl1OeyH+rRpGwHiNHzja+CR6aRWPoAtwrUwvP5gXKo0XdX+sdPE+iCU63Xmba88hoHQmzY8RQ==
  optionalDependencies:
    blueimp-canvas-to-blob "3"
    blueimp-load-image "5"
    blueimp-tmpl "3"

blueimp-load-image@5:
  version "5.16.0"
  resolved "https://registry.yarnpkg.com/blueimp-load-image/-/blueimp-load-image-5.16.0.tgz#16b763f57e6725f8865517bca8eb7c3dc7d41e09"
  integrity sha512-3DUSVdOtlfNRk7moRZuTwDmA3NnG8KIJuLcq3c0J7/BIr6X3Vb/EpX3kUH1joxUhmoVF4uCpDfz7wHkz8pQajA==

blueimp-tmpl@3:
  version "3.20.0"
  resolved "https://registry.yarnpkg.com/blueimp-tmpl/-/blueimp-tmpl-3.20.0.tgz#bed897db362c70d3740e0ad1020ce84bfa15ceaa"
  integrity sha512-g6ln9L+VX8ZA4WA8mgKMethYH+5teroJ2uOkCvcthy9Y9d9LrQ42OAMn+r3ECKu9CB+xe9GOChlIUJBSxwkI6g==

bootstrap-datepicker@^1.9.0:
  version "1.9.0"
  resolved "https://registry.yarnpkg.com/bootstrap-datepicker/-/bootstrap-datepicker-1.9.0.tgz#e4bfce3fcce1967876b21dc6833ec5994aaed090"
  integrity sha512-9rYYbaVOheGYxjOr/+bJCmRPihfy+LkLSg4fIFMT9Od8WwWB/MB50w0JO1eBgKUMbb7PFHQD5uAfI3ArAxZRXA==
  dependencies:
    jquery ">=1.7.1 <4.0.0"

bootstrap-daterangepicker@^3.0.4:
  version "3.1.0"
  resolved "https://registry.yarnpkg.com/bootstrap-daterangepicker/-/bootstrap-daterangepicker-3.1.0.tgz#632e6fb2de4b6360c5c0a9d5f6adb9aace051fe8"
  integrity sha512-oaQZx6ZBDo/dZNyXGVi2rx5GmFXThyQLAxdtIqjtLlYVaQUfQALl5JZMJJZzyDIX7blfy4ppZPAJ10g8Ma4d/g==
  dependencies:
    jquery ">=1.10"
    moment "^2.9.0"

"bootstrap-tabdrop@https://github.com/jmschabdach/bootstrap-tabdrop":
  version "0.0.0"
  resolved "https://github.com/jmschabdach/bootstrap-tabdrop#1eb8b8aeaa79d7ca211059daff7981c9908327a1"

bootstrap@^4.3.1:
  version "4.6.2"
  resolved "https://registry.yarnpkg.com/bootstrap/-/bootstrap-4.6.2.tgz#8e0cd61611728a5bf65a3a2b8d6ff6c77d5d7479"
  integrity sha512-51Bbp/Uxr9aTuy6ca/8FbFloBUJZLHwnhTcnjIeRn2suQWsWzcuJhGjKDB5eppVte/8oCdOL3VuwxvZDUggwGQ==

chart.js@>2.7.0:
  version "3.9.1"
  resolved "https://registry.yarnpkg.com/chart.js/-/chart.js-3.9.1.tgz#3abf2c775169c4c71217a107163ac708515924b8"
  integrity sha512-Ro2JbLmvg83gXF5F4sniaQ+lTbSv18E+TIf2cOeiH1Iqd2PGFOtem+DUufMZsCJwFE7ywPOpfXFBwRTGq7dh6w==

chart.js@^2.9.4:
  version "2.9.4"
  resolved "https://registry.yarnpkg.com/chart.js/-/chart.js-2.9.4.tgz#0827f9563faffb2dc5c06562f8eb10337d5b9684"
  integrity sha512-B07aAzxcrikjAPyV+01j7BmOpxtQETxTSlQ26BEYJ+3iUkbNKaOJ/nDbT6JjyqYxseM0ON12COHYdU2cTIjC7A==
  dependencies:
    chartjs-color "^2.1.0"
    moment "^2.10.2"

chartjs-color-string@^0.6.0:
  version "0.6.0"
  resolved "https://registry.yarnpkg.com/chartjs-color-string/-/chartjs-color-string-0.6.0.tgz#1df096621c0e70720a64f4135ea171d051402f71"
  integrity sha512-TIB5OKn1hPJvO7JcteW4WY/63v6KwEdt6udfnDE9iCAZgy+V4SrbSxoIbTw/xkUIapjEI4ExGtD0+6D3KyFd7A==
  dependencies:
    color-name "^1.0.0"

chartjs-color@^2.1.0:
  version "2.4.1"
  resolved "https://registry.yarnpkg.com/chartjs-color/-/chartjs-color-2.4.1.tgz#6118bba202fe1ea79dd7f7c0f9da93467296c3b0"
  integrity sha512-haqOg1+Yebys/Ts/9bLo/BqUcONQOdr/hoEr2LLTRl6C5LXctUdHxsCYfvQVg5JIxITrfCNUDr4ntqmQk9+/0w==
  dependencies:
    chartjs-color-string "^0.6.0"
    color-convert "^1.9.3"

chartjs-plugin-datalabels@^1.0.0:
  version "1.0.0"
  resolved "https://registry.yarnpkg.com/chartjs-plugin-datalabels/-/chartjs-plugin-datalabels-1.0.0.tgz#5a3d21dde1ed12602dd48c634985a39f431165f1"
  integrity sha512-rqaAFrZT++7OoCJgRCPjugTR4kYpdmrTeX7qHTAZoNQaOaMdx4g6o0Eo9J7n3qLRQrhWjh9l731JsrbkJxL7Vg==

chartjs-plugin-funnel@^1.1.5:
  version "1.1.5"
  resolved "https://registry.yarnpkg.com/chartjs-plugin-funnel/-/chartjs-plugin-funnel-1.1.5.tgz#45f262d5a1f322be326692fdde2a730a43fc21d2"
  integrity sha512-iblHmQ+8ApfVLaWPVRM7+4GAzCIGyKh540rhEpUcjtmDgKdKkHQ9KNqm3QEEpHAWlb4RUWWIdI1dCDRHXxiLSw==
  dependencies:
    chart.js ">2.7.0"

clipboard@>=2.0.0:
  version "2.0.11"
  resolved "https://registry.yarnpkg.com/clipboard/-/clipboard-2.0.11.tgz#62180360b97dd668b6b3a84ec226975762a70be5"
  integrity sha512-C+0bbOqkezLIsmWSvlsXS0Q0bmkugu7jcfMIACB+RDEntIzQIkdr148we28AfSloQLRdZlYL/QYyrq05j/3Faw==
  dependencies:
    good-listener "^1.2.2"
    select "^1.1.2"
    tiny-emitter "^2.0.0"

"clockpicker@https://github.com/djibe/clockpicker#gh-pages":
  version "0.0.7"
  resolved "https://github.com/djibe/clockpicker#a9adcd84895807df5b429781d56d5b5a7c1c7637"

color-convert@^1.9.3:
  version "1.9.3"
  resolved "https://registry.yarnpkg.com/color-convert/-/color-convert-1.9.3.tgz#bb71850690e1f136567de629d2d5471deda4c1e8"
  integrity sha512-QfAUtd+vFdAtFQcC8CCyYt1fYWxSqAiK2cSD6zDB8N3cpsEBAvRxp9zOGg6G/SHHJYAT88/az/IuDGALsNVbGg==
  dependencies:
    color-name "1.1.3"

color-name@1.1.3:
  version "1.1.3"
  resolved "https://registry.yarnpkg.com/color-name/-/color-name-1.1.3.tgz#a7d0558bd89c42f795dd42328f740831ca53bc25"
  integrity sha512-72fSenhMw2HZMTVHeCA9KCmpEIbzWiQsjN+BHcBbS9vr1mtt+vJjPdksIBNUmKAW8TFUDPJK5SUU3QhE9NEXDw==

color-name@^1.0.0:
  version "1.1.4"
  resolved "https://registry.yarnpkg.com/color-name/-/color-name-1.1.4.tgz#c2a09a87acbde69543de6f63fa3995c826c536a2"
  integrity sha512-dOy+3AuW3a2wNbZHIuMZpTcgjGuLU/uBL/ubcZF9OXbDo8ff4O8yVp5Bf0efS8uEoYo5q4Fx7dY9OgQGXgAsQA==

core-js@^2.6.5:
  version "2.6.12"
  resolved "https://registry.yarnpkg.com/core-js/-/core-js-2.6.12.tgz#d9333dfa7b065e347cc5682219d6f690859cc2ec"
  integrity sha512-Kb2wC0fvsWfQrgk8HU5lW6U/Lcs8+9aaYcy4ZFc6DDlo4nZ7n70dEgE5rtR0oG6ufKDUnrwfWL1mXR5ljDatrQ==

css-element-queries@^1.2.3:
  version "1.2.3"
  resolved "https://registry.yarnpkg.com/css-element-queries/-/css-element-queries-1.2.3.tgz#e14940b1fcd4bf0da60ea4145d05742d7172e516"
  integrity sha512-QK9uovYmKTsV2GXWQiMOByVNrLn2qz6m3P7vWpOR4IdD6I3iXoDw5qtgJEN3Xq7gIbdHVKvzHjdAtcl+4Arc4Q==

css-line-break@^2.1.0:
  version "2.1.0"
  resolved "https://registry.yarnpkg.com/css-line-break/-/css-line-break-2.1.0.tgz#bfef660dfa6f5397ea54116bb3cb4873edbc4fa0"
  integrity sha512-FHcKFCZcAha3LwfVBhCQbW2nCNbkZXn7KVUJcsT5/P8YmfsVja0FMPJr0B903j/E69HUphKiV9iQArX8SDYA4w==
  dependencies:
    utrie "^1.0.2"

csstype@^3.1.0:
  version "3.1.0"
  resolved "https://registry.yarnpkg.com/csstype/-/csstype-3.1.0.tgz#4ddcac3718d787cf9df0d1b7d15033925c8f29f2"
  integrity sha512-uX1KG+x9h5hIJsaKR9xHUeUraxf8IODOwq9JLNPq6BwB04a/xgpq3rcx47l5BZu5zBPlgD342tdke3Hom/nJRA==

datatables.net-bs4@>=1.11.3, datatables.net-bs4@^1.11.3:
  version "1.12.1"
  resolved "https://registry.yarnpkg.com/datatables.net-bs4/-/datatables.net-bs4-1.12.1.tgz#652e0701788109bf7c24170e643fe6f128cc8eca"
  integrity sha512-LBeC8zUNVYyQT7ytC2lYqyXDn+k2kYpqvijC83oOjlcnEtb/8Tduzgquox5FrNKUJPcUrj9r+h5B0TDBbob/Gg==
  dependencies:
    datatables.net ">=1.11.3"
    jquery ">=1.7"

datatables.net-responsive-bs4@^2.2.9:
  version "2.3.0"
  resolved "https://registry.yarnpkg.com/datatables.net-responsive-bs4/-/datatables.net-responsive-bs4-2.3.0.tgz#eafa015d38c2f5be23de0a873468597d96dc4030"
  integrity sha512-6ZeFeM6PHh3A5BodxUvHU1ipIrMYMbBcOgB3BfXMHxr4maS96RIQdTmXK3owJ5sy88dF68V8fjkquvybS7kwvw==
  dependencies:
    datatables.net-bs4 ">=1.11.3"
    datatables.net-responsive ">=2.2.9"
    jquery ">=1.7"

datatables.net-responsive@>=2.2.9:
  version "2.3.0"
  resolved "https://registry.yarnpkg.com/datatables.net-responsive/-/datatables.net-responsive-2.3.0.tgz#2b8d894af5456f8c8a320eeac5e837a24d84e033"
  integrity sha512-QA5QsD1sJQRQ7/IFi3rSd33O84f/Augz2KnaehjfuEANtK4KeC9Lbkut5tPuuMcK4jOpQPOOPYTbmfrt+tfh9w==
  dependencies:
    datatables.net ">=1.11.3"
    jquery ">=1.7"

datatables.net@>=1.11.3, datatables.net@^1.11.3:
  version "1.12.1"
  resolved "https://registry.yarnpkg.com/datatables.net/-/datatables.net-1.12.1.tgz#3e625e49a3341f605b0efb519fae94e37b278f24"
  integrity sha512-e6XAMUoV41JdQPS/r9YRfRcmTPcCVvyZbWI+xog1Zg+kjVliMQbEkvWK5XFItmi64Cvwg+IqsZbTUJ1KSY3umA==
  dependencies:
    jquery ">=1.7"

dayjs@^1.8.16:
  version "1.11.5"
  resolved "https://registry.yarnpkg.com/dayjs/-/dayjs-1.11.5.tgz#00e8cc627f231f9499c19b38af49f56dc0ac5e93"
  integrity sha512-CAdX5Q3YW3Gclyo5Vpqkgpj8fSdLQcRuzfX6mC6Phy0nfJ0eGYOeS7m4mt2plDWLAtA4TqTakvbboHvUxfe4iA==

delegate@^3.1.2:
  version "3.2.0"
  resolved "https://registry.yarnpkg.com/delegate/-/delegate-3.2.0.tgz#b66b71c3158522e8ab5744f720d8ca0c2af59166"
  integrity sha512-IofjkYBZaZivn0V8nnsMJGBr4jVLxHDheKSW88PyxS5QC4Vo9ZbZVvhzlSxY87fVq3STR6r+4cGepyHkcWOQSw==

device-uuid@^1.0.4:
  version "1.0.4"
  resolved "https://registry.yarnpkg.com/device-uuid/-/device-uuid-1.0.4.tgz#f6973e58f19b92a237aeca7b16a395ae7195a883"
  integrity sha512-nNbUKlCuXZ1BV4zKFr9z8VxypL1PCNExRoNtRx/mNKFcOEDWUdT3E1B4vw7LBWftBmixkrjQIjpdLov3EmEJjA==

emoji-mart-vue-fast@^11:
  version "11.1.1"
  resolved "https://registry.yarnpkg.com/emoji-mart-vue-fast/-/emoji-mart-vue-fast-11.1.1.tgz#4df1e5411b604803cb360064b803c0627fa26f32"
  integrity sha512-mMN49N2lCQCjanSzLYBS1PlBO+7Do092FnrsWwogwmOo4p+L8N3L8TjcDk30ByXMCjSEcCDsjupCxIcaBpVNKg==
  dependencies:
    "@babel/polyfill" "^7.12.1"
    "@babel/runtime" "^7.18.6"
    vue-virtual-scroller "^1.0.10"

flag-icons@^6.0.0:
  version "6.6.4"
  resolved "https://registry.yarnpkg.com/flag-icons/-/flag-icons-6.6.4.tgz#e1ee37b2dd946fb576bbf7586814ed3eedcee7ae"
  integrity sha512-hRRXKw3f5F2OCcDTOTXO0tc3ODqBx/ttA61V9mqy/hVbnFXzW+7tJMLQ+xd77+BXwdUzQAMLW2G4RZqqvaN3Mg==

floatthead@^2.1.3:
  version "2.2.4"
  resolved "https://registry.yarnpkg.com/floatthead/-/floatthead-2.2.4.tgz#5bcacc93d632b5ceb5f103c4cf065b2eb50f9cd7"
  integrity sha512-3jkThaKmc6v62mUQwCBcnTsQEGLAxSIQOMK0U3o7tt3MSjNPaBc/lmaDFaJrWnFmV9LM4Jk3w/cROYJgOMJgHA==

footable@^2.0.6:
  version "2.0.6"
  resolved "https://registry.yarnpkg.com/footable/-/footable-2.0.6.tgz#24e2d0c4a61648e03fc0313817be853aa59c09d0"
  integrity sha512-OSkHeQ3pSt2rVchLlUa02axnnCd/C8eaK4KJriglJtR+QWg4caNkooOqvb1owzJiZ9+/bEhnXCic3mv8vLKM2A==
  dependencies:
    jquery ">=1.4.4"

fullcalendar@^5:
  version "5.11.2"
  resolved "https://registry.yarnpkg.com/fullcalendar/-/fullcalendar-5.11.2.tgz#efdafbb40652f7dec8aa4443a75f5c0f397288c3"
  integrity sha512-gAJTY+4rnWZV2BVrul6Rvl52sidxOyAhN0P8Fp9iYP0mJhTC+2U0oOoN8VKEnyi88QVe0WkFVt6p/pd5XLqBPw==

gantt-elastic@^1.0.12:
  version "1.0.12"
  resolved "https://registry.yarnpkg.com/gantt-elastic/-/gantt-elastic-1.0.12.tgz#d95cd3a750712fa56f4a12dca807a1c9bf10fe8a"
  integrity sha512-PZHbADMGlVcTHKVqtvLNg8bvUGqeeSmDMVCQscyVBxNKd4Wwmvht4eNiTlasLW2ceufLN7BKziGZ9AJP28nJiw==
  dependencies:
    dayjs "^1.8.16"
    resize-observer-polyfill "^1.5.1"
    vue "^2.6.10"

good-listener@^1.2.2:
  version "1.2.2"
  resolved "https://registry.yarnpkg.com/good-listener/-/good-listener-1.2.2.tgz#d53b30cdf9313dffb7dc9a0d477096aa6d145c50"
  integrity sha512-goW1b+d9q/HIwbVYZzZ6SsTr4IgE+WA44A0GmPIQstuOrgsFcT7VEJ48nmr9GaRtNu0XTKacFLGnBPAM6Afouw==
  dependencies:
    delegate "^3.1.2"

gridstack@^5.0.0:
  version "5.1.1"
  resolved "https://registry.yarnpkg.com/gridstack/-/gridstack-5.1.1.tgz#2d11bbc0fed98cd6e8da573d5b71582b38eb6abc"
  integrity sha512-cmJ8VAxzBQi96P9Z1JS01hhaMUGv+G0VM+YxBLoUcol1hB9c/9o+u5ejvIqxN7L/h26ox8f/6Vv42gkr/VA6EQ==

html2canvas@^1.0.0-alpha.12:
  version "1.4.1"
  resolved "https://registry.yarnpkg.com/html2canvas/-/html2canvas-1.4.1.tgz#7cef1888311b5011d507794a066041b14669a543"
  integrity sha512-fPU6BHNpsyIhr8yyMpTLLxAbkaK8ArIBcmZIRiBLiDhjeqvXolaEmDGmELFuX9I4xDcaKKcJl+TKZLqruBbmWA==
  dependencies:
    css-line-break "^2.1.0"
    text-segmentation "^1.0.3"

html5shiv@^3.7.3:
  version "3.7.3"
  resolved "https://registry.yarnpkg.com/html5shiv/-/html5shiv-3.7.3.tgz#d78a84a367bcb9a710100d57802c387b084631d2"
  integrity sha512-SZwGvLGNtgp8GbgFX7oXEp8OR1aBt5LliX6dG0kdD1kl3KhMonN0QcSa/A3TsTgFewaGCbIryQunjayWDXzxmw==

inputmask@^5.0.7:
  version "5.0.7"
  resolved "https://registry.yarnpkg.com/inputmask/-/inputmask-5.0.7.tgz#b04d5d4e1c85018893c3c8edb1a9f074b051007f"
  integrity sha512-rUxbRDS25KEib+c/Ow+K01oprU/+EK9t9SOPC8ov94/ftULGDqj1zOgRU/Hko6uzoKRMdwCfuhAafJ/Wk2wffQ==

"jQuery-Validation-Engine@https://github.com/YetiForceCompany/jQuery-Validation-Engine#master":
  version "3.1.1"
  resolved "https://github.com/YetiForceCompany/jQuery-Validation-Engine#cbac005de19ea379a709d82a6fd9c6e94e9377f5"
  dependencies:
    jquery ">=1.6"

jquery-hoverintent@^1.10.2:
  version "1.10.2"
  resolved "https://registry.yarnpkg.com/jquery-hoverintent/-/jquery-hoverintent-1.10.2.tgz#58348b0e618e67bae45730e8cde9e1eb146869f1"
  integrity sha512-YU4xvTywSu+/aZvbtSV8Svgcv7F3iMsXXO8Fm1Scvt9wvKDP7C1F6w1j3Pjn0lQqICxc5s7MnsL3Nbh8DEeOcg==
  dependencies:
    jquery ">=1.7.0"

jquery-lazy@^1.7.7:
  version "1.7.11"
  resolved "https://registry.yarnpkg.com/jquery-lazy/-/jquery-lazy-1.7.11.tgz#f4146501ba64cad95cc5c20f184ac1b1d3712fe5"
  integrity sha512-jNAOMwfgf+lYaOCc/atBVjbOzAIRW5BUyjQ4b4jJPkQM6I0zGZd4m/Y73ekfAlrQQDg3/Dge3YNhW7Cqjgi0UA==
  dependencies:
    jquery ">=1.7.2"

jquery-outside-events@^1.0.0:
  version "1.0.0"
  resolved "https://registry.yarnpkg.com/jquery-outside-events/-/jquery-outside-events-1.0.0.tgz#da48d0c3d1df80de2f9ac8b112660d67d28a464b"
  integrity sha512-M7JIWgtvReEtQN64DkKl4ldyNUY8VDdbSUHjcbI/WHlCBYQFY6EcpUT1qUfZPfCqT6SsRkX6spLja9zvzAJIsg==

jquery-slimscroll@^1.3.8:
  version "1.3.8"
  resolved "https://registry.yarnpkg.com/jquery-slimscroll/-/jquery-slimscroll-1.3.8.tgz#8481c44e7a47687653908a28f7f70aed64c84e36"
  integrity sha512-3cNGNCq6i3b+rZQOx1tSBlSFewk4X35eUuQmoRVSA4MSytw3rGPvCw6cEB2oEHf+u15RVzgfh4hN+/3dDNzwiQ==
  dependencies:
    jquery ">= 1.7"

jquery-ui-dist@^1.13.2:
  version "1.13.2"
  resolved "https://registry.yarnpkg.com/jquery-ui-dist/-/jquery-ui-dist-1.13.2.tgz#899fbb3c6210de19ace10657cf844a3b97f3be70"
  integrity sha512-oVDRd1NLtTbBwpRKAYdIRgpWVDzeBhfy7Gu0RmY6JEaZtmBq6kDn1pm5SgDiAotrnDS+RoTRXO6xvcNTxA9tOA==
  dependencies:
    jquery ">=1.8.0 <4.0.0"

jquery.class.js@^1.0.0:
  version "1.0.0"
  resolved "https://registry.yarnpkg.com/jquery.class.js/-/jquery.class.js-1.0.0.tgz#43616c36d76eff36caf2139ddacda621aa24ed30"
  integrity sha512-TKrc0qRYnm3+t6Bro34+4CeerNRacd5cyp5hiapLZJHvqXKi04F4BGelToKL/+d/sPe0lIY6HwCTaceeiKurpQ==

"jquery@>= 1.7", jquery@>=1.10, jquery@>=1.4.4, jquery@>=1.6, jquery@>=1.7, jquery@>=1.7.0, "jquery@>=1.7.1 <4.0.0", jquery@>=1.7.2, jquery@>=1.7.x, "jquery@>=1.8.0 <4.0.0", jquery@>=1.9.1, jquery@^3.5:
  version "3.6.0"
  resolved "https://registry.yarnpkg.com/jquery/-/jquery-3.6.0.tgz#c72a09f15c1bdce142f49dbf1170bdf8adac2470"
  integrity sha512-JVzAR/AjBvVt2BmYhxRCSYysDsPcssdmTFnzyLEts9qNwmjmu4JTAMYubEfwVOSwpQ1I1sKKFcxhZCI2buerfw==

jstree-bootstrap-theme@^1.0.1:
  version "1.0.1"
  resolved "https://registry.yarnpkg.com/jstree-bootstrap-theme/-/jstree-bootstrap-theme-1.0.1.tgz#7d5edc73a846e8da7f94f57a1cc5ddee9d9eab4b"
  integrity sha512-H1F1NOwfPnsQAzsLPRBRR0zO4pfXD5tUHfRj9psT/2+eEMMotG1mYtU3gP5Lsr67TKbsE53M8HLv93EAL+zC2A==
  dependencies:
    jquery ">=1.9.1"

jstree@^3.3.7:
  version "3.3.12"
  resolved "https://registry.yarnpkg.com/jstree/-/jstree-3.3.12.tgz#cf206bc85dcf4a4664ed6617eaae3bd5983d8601"
  integrity sha512-vHNLWkUr02ZYH7RcIckvhtLUtneWCVEtIKpIp2G9WtRh01ITv18EoNtNQcFG3ozM+oK6wp1Z300gSLXNQWCqGA==
  dependencies:
    jquery ">=1.9.1"

leaflet.awesome-markers@^2.0.5:
  version "2.0.5"
  resolved "https://registry.yarnpkg.com/leaflet.awesome-markers/-/leaflet.awesome-markers-2.0.5.tgz#b7b0210d87e2566359bf478c1ab3ab07c7246f30"
  integrity sha512-Ne/xDjkGyaujwNVVkv2tyXQUV0ZW7gZ0Mo0FuQY4jp2qWrvXi0hwDBvmZyF/8YOvybyMabTMM/mFWCTd1jZIQA==

leaflet.markercluster@^1.4.1:
  version "1.5.3"
  resolved "https://registry.yarnpkg.com/leaflet.markercluster/-/leaflet.markercluster-1.5.3.tgz#9cdb52a4eab92671832e1ef9899669e80efc4056"
  integrity sha512-vPTw/Bndq7eQHjLBVlWpnGeLa3t+3zGiuM7fJwCkiMFq+nmRuG3RI3f7f4N4TDX7T4NpbAXpR2+NTRSEGfCSeA==

leaflet@^1.5.1:
  version "1.8.0"
  resolved "https://registry.yarnpkg.com/leaflet/-/leaflet-1.8.0.tgz#4615db4a22a304e8e692cae9270b983b38a2055e"
  integrity sha512-gwhMjFCQiYs3x/Sf+d49f10ERXaEFCPr+nVTryhAW8DWbMGqJqt9G4XuIaHmFW08zYvhgdzqXGr8AlW8v8dQkA==

moment@^2.10.2, moment@^2.23.0, moment@^2.9.0:
  version "2.29.4"
  resolved "https://registry.yarnpkg.com/moment/-/moment-2.29.4.tgz#3dbe052889fe7c1b2ed966fcb3a77328964ef108"
  integrity sha512-5LC9SOxjSc2HF6vO2CyuTDNivEdoz2IvyJJGj6X8DJ0eFyfszE0QiEd+iXmBvUP3WHxSjFH/vIsA0EN00cgr8w==

mousetrap@^1.6.3:
  version "1.6.5"
  resolved "https://registry.yarnpkg.com/mousetrap/-/mousetrap-1.6.5.tgz#8a766d8c272b08393d5f56074e0b5ec183485bf9"
  integrity sha512-QNo4kEepaIBwiT8CDhP98umTetp+JNfQYBWvC1pc6/OAibuXtRcxZ58Qz8skvEHYvURne/7R8T5VoOI7rDsEUA==

nanoid@^3.3.4:
  version "3.3.4"
  resolved "https://registry.yarnpkg.com/nanoid/-/nanoid-3.3.4.tgz#730b67e3cd09e2deacf03c027c81c9d9dbc5e8ab"
  integrity sha512-MqBkQh/OHTS2egovRtLk45wEyNXwF+cokD+1YPf9u5VfJiRdAiRwB2froX5Co9Rh20xs4siNPm8naNotSD6RBw==

overlayscrollbars@^1.10.0:
  version "1.13.3"
  resolved "https://registry.yarnpkg.com/overlayscrollbars/-/overlayscrollbars-1.13.3.tgz#992c96fd2c8535802d1e56c40bc12ec03076c626"
  integrity sha512-1nB/B5kaakJuHXaLXLRK0bUIilWhUGT6q5g+l2s5vqYdLle/sd0kscBHkQC1kuuDg9p9WR4MTdySDOPbeL/86g==

perfect-scrollbar@^1.3.0:
  version "1.5.5"
  resolved "https://registry.yarnpkg.com/perfect-scrollbar/-/perfect-scrollbar-1.5.5.tgz#41a211a2fb52a7191eff301432134ea47052b27f"
  integrity sha512-dzalfutyP3e/FOpdlhVryN4AJ5XDVauVWxybSkLZmakFE2sS3y3pc4JnSprw8tGmHvkaG5Edr5T7LBTZ+WWU2g==

picocolors@^1.0.0:
  version "1.0.0"
  resolved "https://registry.yarnpkg.com/picocolors/-/picocolors-1.0.0.tgz#cb5bdc74ff3f51892236eaf79d68bc44564ab81c"
  integrity sha512-1fygroTLlHu66zi26VoTDv8yRgm0Fccecssto+MhsZ0D/DGW2sm8E8AjW7NU5VVTRt5GxbeZ5qBuJr+HyLYkjQ==

popper.js@^1.15.0:
  version "1.16.1"
  resolved "https://registry.yarnpkg.com/popper.js/-/popper.js-1.16.1.tgz#2a223cb3dc7b6213d740e40372be40de43e65b1b"
  integrity sha512-Wb4p1J4zyFTbM+u6WuO4XstYx4Ky9Cewe4DWrel7B0w6VVICvPwdOpotjzcf6eD8TsckVnIMNONQyPIUFOUbCQ==

postcss@^8.4.14:
  version "8.4.16"
  resolved "https://registry.yarnpkg.com/postcss/-/postcss-8.4.16.tgz#33a1d675fac39941f5f445db0de4db2b6e01d43c"
  integrity sha512-ipHE1XBvKzm5xI7hiHCZJCSugxvsdq2mPnsq5+UF+VHCjiBvtDrlxJfMBToWaP9D5XlgNmcFGqoHmUn0EYEaRQ==
  dependencies:
    nanoid "^3.3.4"
    picocolors "^1.0.0"
    source-map-js "^1.0.2"

quasar@^1.6.1:
  version "1.19.5"
  resolved "https://registry.yarnpkg.com/quasar/-/quasar-1.19.5.tgz#dbcfbee59b4a8e8d46a1d4a4c255d9553998243a"
  integrity sha512-g3zDHnK2bT5A5moR5nBFtp45jrMRkpRpyCHe8vLl7lOIb7l3cv4MWimFYEnaNs8Lqo2Cf3jrXm7afHSoH0Im8w==

regenerator-runtime@^0.13.4:
  version "0.13.9"
  resolved "https://registry.yarnpkg.com/regenerator-runtime/-/regenerator-runtime-0.13.9.tgz#8925742a98ffd90814988d7566ad30ca3b263b52"
  integrity sha512-p3VT+cOEgxFsRRA9X4lkI1E+k2/CtnKtU4gcxyaCUreilL/vqI6CdZ3wxVUx3UOUg+gnUOQQcRI7BmSI656MYA==

resize-observer-polyfill@^1.5.1:
  version "1.5.1"
  resolved "https://registry.yarnpkg.com/resize-observer-polyfill/-/resize-observer-polyfill-1.5.1.tgz#0e9020dd3d21024458d4ebd27e23e40269810464"
  integrity sha512-LwZrotdHOo12nQuZlHEmtuXdqGoOD0OhaxopaNFxWzInpEgaLWoVuAMbTzixuosCx2nEG58ngzW3vxdWoxIgdg==

respond.js@^1.4.2:
  version "1.4.2"
  resolved "https://registry.yarnpkg.com/respond.js/-/respond.js-1.4.2.tgz#fd5c07450acce6090916d8d090b86b672dd9748b"
  integrity sha512-CnKoEKjfyyrldG/D05DW0qtAyLQ4sm4si4Bq4GDsMPd1KMUAuQI224aybMkG/D5IVOB6PYdtYvjbeiAJo1V0rA==

sass-material-colors@^0.0.5:
  version "0.0.5"
  resolved "https://registry.yarnpkg.com/sass-material-colors/-/sass-material-colors-0.0.5.tgz#b944539236c94e2d4ece35d2ee3fa22f10b2ed43"
  integrity sha512-WqBonSUkR5U9xs9adPVIymIdcT2Ku7PN0Q57yFfcLHj/E63wDqZ/Y5i/m9RmkRyr/jmR85g6ZIS053fyAR8G2A==

scrollparent@^2.0.1:
  version "2.0.1"
  resolved "https://registry.yarnpkg.com/scrollparent/-/scrollparent-2.0.1.tgz#715d5b9cc57760fb22bdccc3befb5bfe06b1a317"
  integrity sha512-HSdN78VMvFCSGCkh0oYX/tY4R3P1DW61f8+TeZZ4j2VLgfwvw0bpRSOv4PCVKisktIwbzHCfZsx+rLbbDBqIBA==

select2-theme-bootstrap4@^1.0.0:
  version "1.0.1"
  resolved "https://registry.yarnpkg.com/select2-theme-bootstrap4/-/select2-theme-bootstrap4-1.0.1.tgz#aa476930988cb61b05c77d1173a937688d2bb4be"
  integrity sha512-gn9zN+ZppzsjRCQzHMfhDyizcCNlzbsB059qAXjyEaFYx7OA3677LYEIbYiGmliuF6y9Dbuae8X8Rk/Z4SBleQ==

select2@^4.0.8:
  version "4.0.13"
  resolved "https://registry.yarnpkg.com/select2/-/select2-4.0.13.tgz#0dbe377df3f96167c4c1626033e924372d8ef44d"
  integrity sha512-1JeB87s6oN/TDxQQYCvS5EFoQyvV6eYMZZ0AeA4tdFDYWN3BAGZ8npr17UBFddU0lgAt3H0yjX3X6/ekOj1yjw==

select@^1.1.2:
  version "1.1.2"
  resolved "https://registry.yarnpkg.com/select/-/select-1.1.2.tgz#0e7350acdec80b1108528786ec1d4418d11b396d"
  integrity sha512-OwpTSOfy6xSs1+pwcNrv0RBMOzI39Lp3qQKUTPVVPRjCdNa5JH/oPRiqsesIskK8TVgmRiHwO4KXlV2Li9dANA==

source-map-js@^1.0.2:
  version "1.0.2"
  resolved "https://registry.yarnpkg.com/source-map-js/-/source-map-js-1.0.2.tgz#adbc361d9c62df380125e7f161f71c826f1e490c"
  integrity sha512-R0XvVJ9WusLiqTCEiGCmICCMplcCkIwwR11mOSD9CR5u+IXYdiseeEuXCVAjS54zqwkLcPNnmU4OeJ6tUrWhDw==

source-map@^0.6.1:
  version "0.6.1"
  resolved "https://registry.yarnpkg.com/source-map/-/source-map-0.6.1.tgz#74722af32e9614e9c287a8d0bbde48b5e2f1a263"
  integrity sha512-UjgapumWlbMhkBgzT7Ykc5YXUT46F0iKu8SGXq0bcwP5dz/h0Plj6enJqjz1Zbq2l5WaqYnrVbwWOWMyF3F47g==

split.js@^1.5.10:
  version "1.6.5"
  resolved "https://registry.yarnpkg.com/split.js/-/split.js-1.6.5.tgz#f7f61da1044c9984cb42947df4de4fadb5a3f300"
  integrity sha512-mPTnGCiS/RiuTNsVhCm9De9cCAUsrNFFviRbADdKiiV+Kk8HKp/0fWu7Kr8pi3/yBmsqLFHuXGT9UUZ+CNLwFw==

store@^2.0.12:
  version "2.0.12"
  resolved "https://registry.yarnpkg.com/store/-/store-2.0.12.tgz#8c534e2a0b831f72b75fc5f1119857c44ef5d593"
  integrity sha512-eO9xlzDpXLiMr9W1nQ3Nfp9EzZieIQc10zPPMP5jsVV7bLOziSFFBP0XoDXACEIFtdI+rIz0NwWVA/QVJ8zJtw==

text-segmentation@^1.0.3:
  version "1.0.3"
  resolved "https://registry.yarnpkg.com/text-segmentation/-/text-segmentation-1.0.3.tgz#52a388159efffe746b24a63ba311b6ac9f2d7943"
  integrity sha512-iOiPUo/BGnZ6+54OsWxZidGCsdU8YbE4PSpdPinp7DeMtUJNJBoJ/ouUSTJjHkh1KntHaltHl/gDs2FC4i5+Nw==
  dependencies:
    utrie "^1.0.2"

tiny-emitter@^2.0.0:
  version "2.1.0"
  resolved "https://registry.yarnpkg.com/tiny-emitter/-/tiny-emitter-2.1.0.tgz#1d1a56edfc51c43e863cbb5382a72330e3555423"
  integrity sha512-NB6Dk1A9xgQPMoGqC5CVXn123gWyte215ONT5Pp5a0yt4nlEoO1ZWeCwpncaekPHXO60i47ihFnZPiRPjRMq4Q==

tributejs@^5.0.0:
  version "5.1.3"
  resolved "https://registry.yarnpkg.com/tributejs/-/tributejs-5.1.3.tgz#980600fc72865be5868893078b4bfde721129eae"
  integrity sha512-B5CXihaVzXw+1UHhNFyAwUTMDk1EfoLP5Tj1VhD9yybZ1I8DZJEv8tZ1l0RJo0t0tk9ZhR8eG5tEsaCvRigmdQ==

url-polyfill@^1.1.7:
  version "1.1.12"
  resolved "https://registry.yarnpkg.com/url-polyfill/-/url-polyfill-1.1.12.tgz#6cdaa17f6b022841b3aec0bf8dbd87ac0cd33331"
  integrity sha512-mYFmBHCapZjtcNHW0MDq9967t+z4Dmg5CJ0KqysK3+ZbyoNOWQHksGCTWwDhxGXllkWlOc10Xfko6v4a3ucM6A==

utrie@^1.0.2:
  version "1.0.2"
  resolved "https://registry.yarnpkg.com/utrie/-/utrie-1.0.2.tgz#d42fe44de9bc0119c25de7f564a6ed1b2c87a645"
  integrity sha512-1MLa5ouZiOmQzUbjbu9VmjLzn1QLXBhwpUa7kdLUQK+KQ5KA9I1vk5U4YHe/X2Ch7PYnJfWuWT+VbuxbGwljhw==
  dependencies:
    base64-arraybuffer "^1.0.2"

vue-observe-visibility@^0.4.4:
  version "0.4.6"
  resolved "https://registry.yarnpkg.com/vue-observe-visibility/-/vue-observe-visibility-0.4.6.tgz#878cb8ebcf3078e40807af29774e97105ebd519e"
  integrity sha512-xo0CEVdkjSjhJoDdLSvoZoQrw/H2BlzB5jrCBKGZNXN2zdZgMuZ9BKrxXDjNP2AxlcCoKc8OahI3F3r3JGLv2Q==

vue-resize@^0.4.5:
  version "0.4.5"
  resolved "https://registry.yarnpkg.com/vue-resize/-/vue-resize-0.4.5.tgz#4777a23042e3c05620d9cbda01c0b3cc5e32dcea"
  integrity sha512-bhP7MlgJQ8TIkZJXAfDf78uJO+mEI3CaLABLjv0WNzr4CcGRGPIAItyWYnP6LsPA4Oq0WE+suidNs6dgpO4RHg==

vue-virtual-scroller@^1.0.10:
  version "1.0.10"
  resolved "https://registry.yarnpkg.com/vue-virtual-scroller/-/vue-virtual-scroller-1.0.10.tgz#fdf243240001f05bd79aa77f2e2e60403760e2fb"
  integrity sha512-Hn4qSBDhRY4XdngPioYy/ykDjrLX/NMm1fQXm/4UQQ/Xv1x8JbHGFZNftQowTcfICgN7yc31AKnUk1UGLJ2ndA==
  dependencies:
    scrollparent "^2.0.1"
    vue-observe-visibility "^0.4.4"
    vue-resize "^0.4.5"

vue@^2.6.10, vue@^2.6.11:
  version "2.7.8"
  resolved "https://registry.yarnpkg.com/vue/-/vue-2.7.8.tgz#34e06553137611d8cecc4b0cd78b7a59f80b1299"
  integrity sha512-ncwlZx5qOcn754bCu5/tS/IWPhXHopfit79cx+uIlLMyt3vCMGcXai5yCG5y+I6cDmEj4ukRYyZail9FTQh7lQ==
  dependencies:
    "@vue/compiler-sfc" "2.7.8"
    csstype "^3.1.0"

whatwg-fetch@^3.6.2:
  version "3.6.2"
  resolved "https://registry.yarnpkg.com/whatwg-fetch/-/whatwg-fetch-3.6.2.tgz#dced24f37f2624ed0281725d51d0e2e3fe677f8c"
  integrity sha512-bJlen0FcuU/0EMLrdbJ7zOnW6ITZLrZMIarMUVmdKtsGvZna8vxKYaexICWPfZ8qwf9fzNq+UEIZrnSaApt6RA==
