# THIS IS AN AUTOGENERATED FILE. DO NOT EDIT THIS FILE DIRECTLY.
# yarn lockfile v1


"@fortawesome/fontawesome-free@^5.7.2":
  version "5.7.2"
  resolved "https://registry.yarnpkg.com/@fortawesome/fontawesome-free/-/fontawesome-free-5.7.2.tgz#1498c3eb78ee7c78c5488418707de90aaf58d5d7"
  integrity sha512-Ha4HshKdCVKgu4TVCtG8XyPPYdzTzNW4/fvPnn+LT7AosRABryhlRv4cc4+o84dgpvVJN9reN7jo/c+nYujFug==

add@^2.0.6:
  version "2.0.6"
  resolved "https://registry.yarnpkg.com/add/-/add-2.0.6.tgz#248f0a9f6e5a528ef2295dbeec30532130ae2235"
  integrity sha1-JI8Kn25aUo7yKV2+7DBTITCuIjU=

almond@~0.3.1:
  version "0.3.3"
  resolved "https://registry.yarnpkg.com/almond/-/almond-0.3.3.tgz#a0e7c95ac7624d6417b4494b1e68bff693168a20"
  integrity sha1-oOfJWsdiTWQXtElLHmi/9pMWiiA=

animate.css@^3.7:
  version "3.7.0"
  resolved "https://registry.yarnpkg.com/animate.css/-/animate.css-3.7.0.tgz#5de25d1ee5fba11ba6a1e2c4fa568f512eb7d4da"
  integrity sha512-u3iMXDJr0cxMdQocIciDiou9Au4L5f9uT+/jCtprw3s1j3HcfCuI+khF+90Ps2KdsEhM2soF7SXB4WUvI3HlXg==

base64-arraybuffer@^0.1.5:
  version "0.1.5"
  resolved "https://registry.yarnpkg.com/base64-arraybuffer/-/base64-arraybuffer-0.1.5.tgz#73926771923b5a19747ad666aa5cd4bf9c6e9ce8"
  integrity sha1-c5JncZI7Whl0etZmqlzUv5xunOg=

block-ui@^2.70.1:
  version "2.70.1"
  resolved "https://registry.yarnpkg.com/block-ui/-/block-ui-2.70.1.tgz#c862d64ee6288fb78123377c6680bc7ab262103f"
  integrity sha1-yGLWTuYoj7eBIzd8ZoC8erJiED8=
  dependencies:
    jquery ">=1.7.x"

blueimp-canvas-to-blob@3.5.0:
  version "3.5.0"
  resolved "https://registry.yarnpkg.com/blueimp-canvas-to-blob/-/blueimp-canvas-to-blob-3.5.0.tgz#5679ac32f6a2835821f0c3ad661719ff85a9236b"
  integrity sha1-VnmsMvaig1gh8MOtZhcZ/4WpI2s=

blueimp-file-upload@^9.25.1:
  version "9.28.0"
  resolved "https://registry.yarnpkg.com/blueimp-file-upload/-/blueimp-file-upload-9.28.0.tgz#e11a7eac367d2b3fc0f1cd9d1717299686bd98b4"
  integrity sha512-Qvb5/CFlmIZ2cBoItpU2zQhUIvtZsSk9tV+X632uyrDpdpvdaJxDR9Wo8i7aUhfnbO1dbLuS5/auaA04Vk+XHw==
  optionalDependencies:
    blueimp-canvas-to-blob "3.5.0"
    blueimp-load-image "2.12.2"
    blueimp-tmpl "3.6.0"

blueimp-load-image@2.12.2:
  version "2.12.2"
  resolved "https://registry.yarnpkg.com/blueimp-load-image/-/blueimp-load-image-2.12.2.tgz#6a17598aab858d4fbf01543e0631141b51057c87"
  integrity sha1-ahdZiquFjU+/AVQ+BjEUG1EFfIc=

blueimp-tmpl@3.6.0:
  version "3.6.0"
  resolved "https://registry.yarnpkg.com/blueimp-tmpl/-/blueimp-tmpl-3.6.0.tgz#a4910975d042e2bc03ba77f0e62d04f1548a524c"
  integrity sha1-pJEJddBC4rwDunfw5i0E8VSKUkw=

bootbox@^5.0.0:
  version "5.0.1"
  resolved "https://registry.yarnpkg.com/bootbox/-/bootbox-5.0.1.tgz#df1b5c42c9ae08fb007e16ed638f8b76282fcea2"
  integrity sha512-SVA5uG38stpK3I1QV3Lw/HeQ1BhKVrEGVnwO0u4O52XSHEfSgWQcWp2K6+grGAxhCeXfBZI5Z8A9eKIQX7gHbQ==
  dependencies:
    bootstrap ">=3.0.0"
    jquery ">=1.9.1"

bootstrap-colorpicker@^3.0.3:
  version "3.0.3"
  resolved "https://registry.yarnpkg.com/bootstrap-colorpicker/-/bootstrap-colorpicker-3.0.3.tgz#9fb703e96254ba51c83e6a2274138bdcde1adaf6"
  integrity sha512-xDVuG5ZLDKLoYdBodnrKo417eqFlNwpk6gNbv1mAFdFno0p0xnkYm9KQTiUqR4kva9t+hlJJc2UURZnD6fvn+Q==
  dependencies:
    bootstrap "^4.0"
    jquery ">=2.1.0"

bootstrap-datepicker@^1.7.1:
  version "1.8.0"
  resolved "https://registry.yarnpkg.com/bootstrap-datepicker/-/bootstrap-datepicker-1.8.0.tgz#c63513931e6f09f16ae9f11b62f32d950df3958e"
  integrity sha512-213St/G8KT3mjs4qu4qwww74KWysMaIeqgq5OhrboZjIjemIpyuxlSo9FNNI5+KzpkkxkRRba+oewiRGV42B1A==
  dependencies:
    jquery ">=1.7.1 <4.0.0"

bootstrap-daterangepicker@^3.0.3:
  version "3.0.3"
  resolved "https://registry.yarnpkg.com/bootstrap-daterangepicker/-/bootstrap-daterangepicker-3.0.3.tgz#670c638dc124a15a95ddf0440af34d1acee7cffc"
  integrity sha512-RJ0iOpVornF/6bf+L1jzPr95MoPM7zp3MILtNZ7ADu5RZFoMznHD4GbPu3URkPhcPABA2RqMnhk/CvO7iyNBtw==
  dependencies:
    jquery ">=1.10"
    moment "^2.9.0"

"bootstrap-tabdrop@https://github.com/jmschabdach/bootstrap-tabdrop":
  version "0.0.0"
  resolved "https://github.com/jmschabdach/bootstrap-tabdrop#1eb8b8aeaa79d7ca211059daff7981c9908327a1"

bootstrap@>=3.0.0, bootstrap@^4.0, bootstrap@^4.3.1:
  version "4.3.1"
  resolved "https://registry.yarnpkg.com/bootstrap/-/bootstrap-4.3.1.tgz#280ca8f610504d99d7b6b4bfc4b68cec601704ac"
  integrity sha512-rXqOmH1VilAt2DyPzluTi2blhk17bO7ef+zLLPlWvG494pDxcM234pJ8wTc/6R40UWizAIIMgxjvxZg5kmsbag==

chart.js@>2.7.0, chart.js@^2.7.2:
  version "2.7.3"
  resolved "https://registry.yarnpkg.com/chart.js/-/chart.js-2.7.3.tgz#cdb61618830bf216dc887e2f7b1b3c228b73c57e"
  integrity sha512-3+7k/DbR92m6BsMUYP6M0dMsMVZpMnwkUyNSAbqolHKsbIzH2Q4LWVEHHYq7v0fmEV8whXE0DrjANulw9j2K5g==
  dependencies:
    chartjs-color "^2.1.0"
    moment "^2.10.2"

chartjs-color-string@^0.6.0:
  version "0.6.0"
  resolved "https://registry.yarnpkg.com/chartjs-color-string/-/chartjs-color-string-0.6.0.tgz#1df096621c0e70720a64f4135ea171d051402f71"
  integrity sha512-TIB5OKn1hPJvO7JcteW4WY/63v6KwEdt6udfnDE9iCAZgy+V4SrbSxoIbTw/xkUIapjEI4ExGtD0+6D3KyFd7A==
  dependencies:
    color-name "^1.0.0"

chartjs-color@^2.1.0:
  version "2.3.0"
  resolved "https://registry.yarnpkg.com/chartjs-color/-/chartjs-color-2.3.0.tgz#0e7e1e8dba37eae8415fd3db38bf572007dd958f"
  integrity sha512-hEvVheqczsoHD+fZ+tfPUE+1+RbV6b+eksp2LwAhwRTVXEjCSEavvk+Hg3H6SZfGlPh/UfmWKGIvZbtobOEm3g==
  dependencies:
    chartjs-color-string "^0.6.0"
    color-convert "^0.5.3"

chartjs-plugin-datalabels@^0.5.0:
  version "0.5.0"
  resolved "https://registry.yarnpkg.com/chartjs-plugin-datalabels/-/chartjs-plugin-datalabels-0.5.0.tgz#b9c7a99857b2a52b6db70f63fc9f3a65d887d523"
  integrity sha512-R82bKXMXmtivrCgEHzSGkFmX2blFJtZh0AyDobEOpPtAIBAlDtMHOaMBw1sTRk0hytKdZuJgvsBaFnvzsgrjOw==

chartjs-plugin-funnel@^1.1.2:
  version "1.1.2"
  resolved "https://registry.yarnpkg.com/chartjs-plugin-funnel/-/chartjs-plugin-funnel-1.1.2.tgz#236b510b9eb8b063557e097a5bed2f08b350d3d8"
  integrity sha1-I2tRC564sGNVfgl6W+0vCLNQ09g=
  dependencies:
    chart.js ">2.7.0"

clipboard@>=2.0.0:
  version "2.0.4"
  resolved "https://registry.yarnpkg.com/clipboard/-/clipboard-2.0.4.tgz#836dafd66cf0fea5d71ce5d5b0bf6e958009112d"
  integrity sha512-Vw26VSLRpJfBofiVaFb/I8PVfdI1OxKcYShe6fm0sP/DtmiWQNCjhM/okTvdCo0G+lMMm1rMYbk4IK4x1X+kgQ==
  dependencies:
    good-listener "^1.2.2"
    select "^1.1.2"
    tiny-emitter "^2.0.0"

"clockpicker@https://github.com/YetiForceCompany/clockpicker#master":
  version "0.0.7"
  resolved "https://github.com/YetiForceCompany/clockpicker#70df989d12d1e84455255ecfde24ccda821dafd7"

color-convert@^0.5.3:
  version "0.5.3"
  resolved "https://registry.yarnpkg.com/color-convert/-/color-convert-0.5.3.tgz#bdb6c69ce660fadffe0b0007cc447e1b9f7282bd"
  integrity sha1-vbbGnOZg+t/+CwAHzER+G59ygr0=

color-name@^1.0.0:
  version "1.1.4"
  resolved "https://registry.yarnpkg.com/color-name/-/color-name-1.1.4.tgz#c2a09a87acbde69543de6f63fa3995c826c536a2"
  integrity sha512-dOy+3AuW3a2wNbZHIuMZpTcgjGuLU/uBL/ubcZF9OXbDo8ff4O8yVp5Bf0efS8uEoYo5q4Fx7dY9OgQGXgAsQA==

css-element-queries@^1.0.5:
  version "1.1.1"
  resolved "https://registry.yarnpkg.com/css-element-queries/-/css-element-queries-1.1.1.tgz#129e104ecb277aa6337b7302cbb6d511c2d1633a"
  integrity sha512-/PX6Bkk77ShgbOx/mpawHdEvS3PGgy1mmMktcztDPndWdMJxcorcQiivrs+nEljqtBpvNEhAmQky9tQR6FSm8Q==

css-line-break@1.0.1:
  version "1.0.1"
  resolved "https://registry.yarnpkg.com/css-line-break/-/css-line-break-1.0.1.tgz#19f2063a33e95fb2831b86446c0b80c188af450a"
  integrity sha1-GfIGOjPpX7KDG4ZEbAuAwYivRQo=
  dependencies:
    base64-arraybuffer "^0.1.5"

datatables.net-bs4@^1.10.15, datatables.net-bs4@^1.10.19:
  version "1.10.19"
  resolved "https://registry.yarnpkg.com/datatables.net-bs4/-/datatables.net-bs4-1.10.19.tgz#0608dff22008cf3c7b8a68b1bc702ed255b404fb"
  integrity sha512-pgeP17w4aPR7HIxIwuJghfqXULjdg1K6xMUUKDyCERJRSNNK4MRToFfELtIsluLNN555YBK4Kx8nihX5/ZT1Fw==
  dependencies:
    datatables.net "1.10.19"
    jquery ">=1.7"

datatables.net-responsive-bs4@^2.2.3:
  version "2.2.3"
  resolved "https://registry.yarnpkg.com/datatables.net-responsive-bs4/-/datatables.net-responsive-bs4-2.2.3.tgz#639de17c1d31210ebf2b3c25f1c774c13f729e94"
  integrity sha512-SQaWI0uLuPcaiBBin9zX+MuQfTSIkK1bYxbXqUV6NLkHCVa6PMQK7Rvftj0ywG4R7uOtjbzY8nSVqxEKvQI0Vg==
  dependencies:
    datatables.net-bs4 "^1.10.15"
    datatables.net-responsive "2.2.3"
    jquery ">=1.7"

datatables.net-responsive@2.2.3:
  version "2.2.3"
  resolved "https://registry.yarnpkg.com/datatables.net-responsive/-/datatables.net-responsive-2.2.3.tgz#50a2b1b4955b16b32f573a3f00f473b0bfbee913"
  integrity sha512-8D6VtZcyuH3FG0Hn5A4LPZQEOX3+HrRFM7HjpmsQc/nQDBbdeBLkJX4Sh/o1nzFTSneuT1Wh/lYZHVPpjcN+Sw==
  dependencies:
    datatables.net "^1.10.15"
    jquery ">=1.7"

datatables.net@1.10.19, datatables.net@^1.10.15, datatables.net@^1.10.19:
  version "1.10.19"
  resolved "https://registry.yarnpkg.com/datatables.net/-/datatables.net-1.10.19.tgz#97a1ed41c85e62d61040603481b59790a172dd1f"
  integrity sha512-+ljXcI6Pj3PTGy5pesp3E5Dr3x3AV45EZe0o1r0gKENN2gafBKXodVnk2ypKwl2tTmivjxbkiqoWnipTefyBTA==
  dependencies:
    jquery ">=1.7"

dayjs@^1.8.5:
  version "1.8.10"
  resolved "https://registry.yarnpkg.com/dayjs/-/dayjs-1.8.10.tgz#fc35a976ccac2a9c44b50485a06c4a5ecf5d1b37"
  integrity sha512-U+7kBBkJzPWww0vNeMkaBeJwnkivTACoajm+bTfwparjFcPI6/5JSQN40WVnX6yCsm20oGf1SkMkIIp4m/boAw==

delegate@^3.1.2:
  version "3.2.0"
  resolved "https://registry.yarnpkg.com/delegate/-/delegate-3.2.0.tgz#b66b71c3158522e8ab5744f720d8ca0c2af59166"
  integrity sha512-IofjkYBZaZivn0V8nnsMJGBr4jVLxHDheKSW88PyxS5QC4Vo9ZbZVvhzlSxY87fVq3STR6r+4cGepyHkcWOQSw==

device-uuid@^1.0.4:
  version "1.0.4"
  resolved "https://registry.yarnpkg.com/device-uuid/-/device-uuid-1.0.4.tgz#f6973e58f19b92a237aeca7b16a395ae7195a883"
  integrity sha1-9pc+WPGbkqI3rsp7FqOVrnGVqIM=

dompurify@^1.0.10:
  version "1.0.10"
  resolved "https://registry.yarnpkg.com/dompurify/-/dompurify-1.0.10.tgz#18d7353631c86ee25049e38fbca8c6b2c5a2af87"
  integrity sha512-huhl3DSWX5LaA7jDtnj3XQdJgWW1wYouNW7N0drGzQa4vEUSVWyeFN+Atx6HP4r5cang6oQytMom6I4yhGJj5g==

"emojipanel@https://github.com/YetiForceCompany/EmojiPanel#master":
  version "1.0.0"
  resolved "https://github.com/YetiForceCompany/EmojiPanel#9c9a2cd705c9376335840afe008910af9acf4f20"
  dependencies:
    tether "^1.4.0"

flag-icon-css@^3.3.0:
  version "3.3.0"
  resolved "https://registry.yarnpkg.com/flag-icon-css/-/flag-icon-css-3.3.0.tgz#7772461e4480d3d86da5962f02120a2825688433"
  integrity sha512-u5lCGVExrJJRykNGd//ZrBU5Bkt0LTZJFSuG+Az/pwcHgzDeFwomwFbsgVtI1aJd6ysyHsx+5UGrA+nhSGd4yw==

floatthead@^2.1.3:
  version "2.1.3"
  resolved "https://registry.yarnpkg.com/floatthead/-/floatthead-2.1.3.tgz#3e959c51de19672bc75af41be35d538a27e9b7eb"
  integrity sha512-PglU8Oy6XHyjjZ2g1mu2iZIPIkcf+IkKpB6g12hVY6bXn+2lQj9+BOGMpaMgDKPTfawTAUQKtp7/UMcVs8q/eg==

fontawesome-web@^5.0.2:
  version "5.0.2"
  resolved "https://registry.yarnpkg.com/fontawesome-web/-/fontawesome-web-5.0.2.tgz#b6cf126de8b6b89bd9d333888aeb12395325cd09"
  integrity sha512-KlR/PyKw2zrSl/2XPg5shFeOF2RckfxTwAp4U4PjCc/lQqSrXBynEuNXFZDmoQX6VHaNtP/bQ4TOKJKSf4+Vrw==

footable@^2.0.6:
  version "2.0.6"
  resolved "https://registry.yarnpkg.com/footable/-/footable-2.0.6.tgz#24e2d0c4a61648e03fc0313817be853aa59c09d0"
  integrity sha1-JOLQxKYWSOA/wDE4F76FOqWcCdA=
  dependencies:
    jquery ">=1.4.4"

fullcalendar@3.10.0:
  version "3.10.0"
  resolved "https://registry.yarnpkg.com/fullcalendar/-/fullcalendar-3.10.0.tgz#cc5e87d518fd6550e142816a31dd191664847919"
  integrity sha512-0OtsHhmdYhtFmQwXzyo8VqHzYgamg+zVOoytv5N13gI+iF6CGjevpCi/yBaQs0O4wY3OAp8I688IxdNYe0iAvw==

gantt-elastic@^0.9.3:
  version "0.9.6"
  resolved "https://registry.yarnpkg.com/gantt-elastic/-/gantt-elastic-0.9.6.tgz#b6034963c754fc40e5b854fca97ed61e53b78859"
  integrity sha512-6kSknTB03aqWd4E1gAzZ22jRcqCmx/0Gs/k84W0bBH5mSt36AqrBFwin2JiftCJiSNtM1in4IOnG7suMtsDeFw==
  dependencies:
    dayjs "^1.8.5"

good-listener@^1.2.2:
  version "1.2.2"
  resolved "https://registry.yarnpkg.com/good-listener/-/good-listener-1.2.2.tgz#d53b30cdf9313dffb7dc9a0d477096aa6d145c50"
  integrity sha1-1TswzfkxPf+33JoNR3CWqm0UXFA=
  dependencies:
    delegate "^3.1.2"

gridstack@^0.4.0:
  version "0.4.0"
  resolved "https://registry.yarnpkg.com/gridstack/-/gridstack-0.4.0.tgz#9b1fbf5bccb73cc41f26cd1dc45b248ef5b4f37d"
  integrity sha512-N8ehAjdZWNm1lik9J34X9YrjGla9+9odm0RmrpLmUaQUit99ap+ve8TdYkJR/JlUMfI1zBgmxNcAxVWMKKpkWw==
  dependencies:
    jquery "^3.1.0"
    jquery-ui "^1.12.0"
    lodash "^4.17.10"

html2canvas@^1.0.0-alpha.12:
  version "1.0.0-alpha.12"
  resolved "https://registry.yarnpkg.com/html2canvas/-/html2canvas-1.0.0-alpha.12.tgz#3b1992e3c9b3f56063c35fd620494f37eba88513"
  integrity sha1-OxmS48mz9WBjw1/WIElPN+uohRM=
  dependencies:
    css-line-break "1.0.1"

html5shiv@^3.7.3:
  version "3.7.3"
  resolved "https://registry.yarnpkg.com/html5shiv/-/html5shiv-3.7.3.tgz#d78a84a367bcb9a710100d57802c387b084631d2"
  integrity sha1-14qEo2e8uacQEA1XgCw4ewhGMdI=

inputmask@^4.0:
  version "4.0.6"
  resolved "https://registry.yarnpkg.com/inputmask/-/inputmask-4.0.6.tgz#ee8f9478ed4c06b38116e8d0ed55a5798b73bcb6"
  integrity sha512-zHw2jO1RSTU/aoKjsVsBQF56m3SYA3IEsIZmb6anvoUBlPRMgXtKWtj/Pux7o/O8JNikGLLRN6LGBISzHRlabw==

"jQuery-Validation-Engine@https://github.com/YetiForceCompany/jQuery-Validation-Engine#master":
  version "0.0.0"
  resolved "https://github.com/YetiForceCompany/jQuery-Validation-Engine#4e4a37d1473875aa79b6cf0598826a7a1760f714"

jquery-hoverintent@^1.10.0:
  version "1.10.0"
  resolved "https://registry.yarnpkg.com/jquery-hoverintent/-/jquery-hoverintent-1.10.0.tgz#cb5f96486f86d0787408bfe315171b2dbbc83130"
  integrity sha512-84vzq3xj44kX7KxAa6IeMdFxeyNLRH1YUSs8AFt/mlQ4X2AojCiHYg2mtew8Os0jGCH4nMzK0zBNq/Y7ubFYJA==
  dependencies:
    jquery ">=1.7.0"

jquery-lazy@^1.7.7:
  version "1.7.10"
  resolved "https://registry.yarnpkg.com/jquery-lazy/-/jquery-lazy-1.7.10.tgz#aa3d43d058bf1ea89284214f4521f6d9a162d051"
  integrity sha512-1vBpU+igfZJ58BrQrk2OFl3TMriGeIfZUg35uSIajZF4GcxF96NtdS3LbWk5a72rH2ypz0odTsAkqhUsICknhw==
  dependencies:
    jquery ">=1.7.2"

jquery-mousewheel@~3.1.13:
  version "3.1.13"
  resolved "https://registry.yarnpkg.com/jquery-mousewheel/-/jquery-mousewheel-3.1.13.tgz#06f0335f16e353a695e7206bf50503cb523a6ee5"
  integrity sha1-BvAzXxbjU6aV5yBr9QUDy1I6buU=

jquery-outside-events@^1.0.0:
  version "1.0.0"
  resolved "https://registry.yarnpkg.com/jquery-outside-events/-/jquery-outside-events-1.0.0.tgz#da48d0c3d1df80de2f9ac8b112660d67d28a464b"
  integrity sha1-2kjQw9HfgN4vmsixEmYNZ9KKRks=

jquery-slimscroll@^1.3.8:
  version "1.3.8"
  resolved "https://registry.yarnpkg.com/jquery-slimscroll/-/jquery-slimscroll-1.3.8.tgz#8481c44e7a47687653908a28f7f70aed64c84e36"
  integrity sha1-hIHETnpHaHZTkIoo9/cK7WTITjY=
  dependencies:
    jquery ">= 1.7"

jquery-ui-dist@^1.12.1:
  version "1.12.1"
  resolved "https://registry.yarnpkg.com/jquery-ui-dist/-/jquery-ui-dist-1.12.1.tgz#5c0815d3cc6f90ff5faaf5b268a6e23b4ca904fa"
  integrity sha1-XAgV08xvkP9fqvWyaKbiO0ypBPo=

jquery-ui-touch-punch@^0.2.3:
  version "0.2.3"
  resolved "https://registry.yarnpkg.com/jquery-ui-touch-punch/-/jquery-ui-touch-punch-0.2.3.tgz#eed82242733ba243f46b3e87c1841b308191da68"
  integrity sha1-7tgiQnM7okP0az6HwYQbMIGR2mg=

jquery-ui@^1.12.0:
  version "1.12.1"
  resolved "https://registry.yarnpkg.com/jquery-ui/-/jquery-ui-1.12.1.tgz#bcb4045c8dd0539c134bc1488cdd3e768a7a9e51"
  integrity sha1-vLQEXI3QU5wTS8FIjN0+dop6nlE=

jquery.class.js@^1.0.0:
  version "1.0.0"
  resolved "https://registry.yarnpkg.com/jquery.class.js/-/jquery.class.js-1.0.0.tgz#43616c36d76eff36caf2139ddacda621aa24ed30"
  integrity sha1-Q2FsNtdu/zbK8hOd2s2mIaok7TA=

jquery@>3.0.0, "jquery@>= 1.7", jquery@>=1.10, jquery@>=1.4.4, jquery@>=1.7, jquery@>=1.7.0, "jquery@>=1.7.1 <4.0.0", jquery@>=1.7.2, jquery@>=1.7.x, jquery@>=1.9.1, jquery@>=2.1.0, jquery@^3.1.0:
  version "3.3.1"
  resolved "https://registry.yarnpkg.com/jquery/-/jquery-3.3.1.tgz#958ce29e81c9790f31be7792df5d4d95fc57fbca"
  integrity sha512-Ubldcmxp5np52/ENotGxlLe6aGMvmF4R8S6tZjsP6Knsaxd/xp3Zrh50cG93lR6nPXyUFwzN3ZSOQI0wRJNdGg==

jstree-bootstrap-theme@^1.0.1:
  version "1.0.1"
  resolved "https://registry.yarnpkg.com/jstree-bootstrap-theme/-/jstree-bootstrap-theme-1.0.1.tgz#7d5edc73a846e8da7f94f57a1cc5ddee9d9eab4b"
  integrity sha1-fV7cc6hG6Np/lPV6HMXd7p2eq0s=
  dependencies:
    jquery ">=1.9.1"

jstree@^3.3.7:
  version "3.3.7"
  resolved "https://registry.yarnpkg.com/jstree/-/jstree-3.3.7.tgz#41df485d66148836ac389603a3e12f4574b06251"
  integrity sha512-yzzalO1TbZ4HdPezO43LesGI4Wv2sB0Nl+4GfwO0YYvehGws5qtTAhlBISxfur9phMLwCtf9GjHlRx2ZLXyRnw==
  dependencies:
    jquery ">=1.9.1"

leaflet.awesome-markers@^2.0.5:
  version "2.0.5"
  resolved "https://registry.yarnpkg.com/leaflet.awesome-markers/-/leaflet.awesome-markers-2.0.5.tgz#b7b0210d87e2566359bf478c1ab3ab07c7246f30"
  integrity sha512-Ne/xDjkGyaujwNVVkv2tyXQUV0ZW7gZ0Mo0FuQY4jp2qWrvXi0hwDBvmZyF/8YOvybyMabTMM/mFWCTd1jZIQA==

leaflet.markercluster@^1.4.1:
  version "1.4.1"
  resolved "https://registry.yarnpkg.com/leaflet.markercluster/-/leaflet.markercluster-1.4.1.tgz#b53f2c4f2ca7306ddab1dbb6f1861d5e8aa6c5e5"
  integrity sha512-ZSEpE/EFApR0bJ1w/dUGwTSUvWlpalKqIzkaYdYB7jaftQA/Y2Jav+eT4CMtEYFj+ZK4mswP13Q2acnPBnhGOw==

leaflet@^1.3.3:
  version "1.4.0"
  resolved "https://registry.yarnpkg.com/leaflet/-/leaflet-1.4.0.tgz#d5f56eeb2aa32787c24011e8be4c77e362ae171b"
  integrity sha512-x9j9tGY1+PDLN9pcWTx9/y6C5nezoTMB8BLK5jTakx+H7bPlnbCHfi9Hjg+Qt36sgDz/cb9lrSpNQXmk45Tvhw==

lodash@^4.17.10:
  version "4.17.11"
  resolved "https://registry.yarnpkg.com/lodash/-/lodash-4.17.11.tgz#b39ea6229ef607ecd89e2c8df12536891cac9b8d"
  integrity sha512-cQKh8igo5QUhZ7lg38DYWAxMvjSAKG0A8wGSVimP07SIUEK2UO+arSRKbRZWtelMtN5V0Hkwh5ryOto/SshYIg==

moment@^2.10.2, moment@^2.23.0, moment@^2.9.0:
  version "2.24.0"
  resolved "https://registry.yarnpkg.com/moment/-/moment-2.24.0.tgz#0d055d53f5052aa653c9f6eb68bb5d12bf5c2b5b"
  integrity sha512-bV7f+6l2QigeBBZSM/6yTNq4P2fNpSWj/0e7jQcy87A8e7o2nAfP/34/2ky5Vw4B9S446EtIhodAzkFCcR4dQg==

mousetrap@^1.6.3:
  version "1.6.3"
  resolved "https://registry.yarnpkg.com/mousetrap/-/mousetrap-1.6.3.tgz#80fee49665fd478bccf072c9d46bdf1bfed3558a"
  integrity sha512-bd+nzwhhs9ifsUrC2tWaSgm24/oo2c83zaRyZQF06hYA6sANfsXHtnZ19AbbbDXCDzeH5nZBSQ4NvCjgD62tJA==

perfect-scrollbar@^1.3.0:
  version "1.4.0"
  resolved "https://registry.yarnpkg.com/perfect-scrollbar/-/perfect-scrollbar-1.4.0.tgz#5d014ef9775e1f43058a1dbae9ed1daf0e7091f1"
  integrity sha512-/2Sk/khljhdrsamjJYS5NjrH+GKEHEwh7zFSiYyxROyYKagkE4kSn2zDQDRTOMo8mpT2jikxx6yI1dG7lNP/hw==

pnotify@4.0.0-beta.2:
  version "4.0.0-beta.2"
  resolved "https://registry.yarnpkg.com/pnotify/-/pnotify-4.0.0-beta.2.tgz#990e684429b5630d3ff68a9612cdba04ff387c9f"
  integrity sha512-r6HLfG+tB6BgTHqukLBFqMlSyLNqwgn2OaFHIGpgIAM+7VmxoWEbaF9tSArs3AGJ3bV9kNrqR/NLpp5iHyvDyw==

popper.js@^1.14.4:
  version "1.14.7"
  resolved "https://registry.yarnpkg.com/popper.js/-/popper.js-1.14.7.tgz#e31ec06cfac6a97a53280c3e55e4e0c860e7738e"
  integrity sha512-4q1hNvoUre/8srWsH7hnoSJ5xVmIL4qgz+s4qf2TnJIMyZFUFMGH+9vE7mXynAlHSZ/NdTmmow86muD0myUkVQ==

respond.js@^1.4.2:
  version "1.4.2"
  resolved "https://registry.yarnpkg.com/respond.js/-/respond.js-1.4.2.tgz#fd5c07450acce6090916d8d090b86b672dd9748b"
  integrity sha1-/VwHRQrM5gkJFtjQkLhrZy3ZdIs=

sass-material-colors@^0.0.5:
  version "0.0.5"
  resolved "https://registry.yarnpkg.com/sass-material-colors/-/sass-material-colors-0.0.5.tgz#b944539236c94e2d4ece35d2ee3fa22f10b2ed43"
  integrity sha1-uURTkjbJTi1OzjXS7j+iLxCy7UM=

select2-theme-bootstrap4@^0.2.0-beta.2:
  version "0.2.0-beta.3"
  resolved "https://registry.yarnpkg.com/select2-theme-bootstrap4/-/select2-theme-bootstrap4-0.2.0-beta.3.tgz#ddaf572aeb8709fa55985da7c9005c7396738366"
  integrity sha512-M/E+n6M5jLxG6gt2hcVntvhs5YP6cQtIeDU9DJRFYCB1egD25h62gD8SBeokf43S2traTdQriL1THy6vbfNepQ==

select2@^4.0.6-rc.1:
  version "4.0.6-rc.1"
  resolved "https://registry.yarnpkg.com/select2/-/select2-4.0.6-rc.1.tgz#aa6c3038a7f0f2e91ffade38f0a21c15e1813276"
  integrity sha1-qmwwOKfw8ukf+t448KIcFeGBMnY=
  dependencies:
    almond "~0.3.1"
    jquery-mousewheel "~3.1.13"

select@^1.1.2:
  version "1.1.2"
  resolved "https://registry.yarnpkg.com/select/-/select-1.1.2.tgz#0e7350acdec80b1108528786ec1d4418d11b396d"
  integrity sha1-DnNQrN7ICxEIUoeG7B1EGNEbOW0=

split.js@^1.5.10:
  version "1.5.10"
  resolved "https://registry.yarnpkg.com/split.js/-/split.js-1.5.10.tgz#11f63a7ea21780a6022e6dffe8f8eaa18c9c819e"
  integrity sha512-/J52X5c4ZypVwu4WAhD8E1T9uXQtNokvG6mIBHauzyA1aKH6bmETVSv3RPjBXEz6Gcc4mIThgmjGQL39LD16jQ==

store@^2.0.12:
  version "2.0.12"
  resolved "https://registry.yarnpkg.com/store/-/store-2.0.12.tgz#8c534e2a0b831f72b75fc5f1119857c44ef5d593"
  integrity sha1-jFNOKguDH3K3X8XxEZhXxE711ZM=

tether@^1.4.0:
  version "1.4.5"
  resolved "https://registry.yarnpkg.com/tether/-/tether-1.4.5.tgz#8efd7b35572767ba502259ba9b1cc167fcf6f2c1"
  integrity sha512-fysT1Gug2wbRi7a6waeu39yVDwiNtvwj5m9eRD+qZDSHKNghLo6KqP/U3yM2ap6TNUL2skjXGJaJJTJqoC31vw==

tiny-emitter@^2.0.0:
  version "2.1.0"
  resolved "https://registry.yarnpkg.com/tiny-emitter/-/tiny-emitter-2.1.0.tgz#1d1a56edfc51c43e863cbb5382a72330e3555423"
  integrity sha512-NB6Dk1A9xgQPMoGqC5CVXn123gWyte215ONT5Pp5a0yt4nlEoO1ZWeCwpncaekPHXO60i47ihFnZPiRPjRMq4Q==

tributejs@^3.6.0:
  version "3.6.0"
  resolved "https://registry.yarnpkg.com/tributejs/-/tributejs-3.6.0.tgz#a4c42330ec7135d4e1fdbb985143adf18b87ca79"
  integrity sha512-OwBk4JWzbWTxW9ZBzeajlX4SGNXEj+5rUbW8rg84NJCszkj/22nhkJvcYTaHGU4qfKoz073nVYzqN3G0exzViw==
