# THIS IS AN AUTOGENERATED FILE. DO NOT EDIT THIS FILE DIRECTLY.
# yarn lockfile v1


"@babel/polyfill@7.2.5":
  version "7.2.5"
  resolved "https://registry.yarnpkg.com/@babel/polyfill/-/polyfill-7.2.5.tgz#6c54b964f71ad27edddc567d065e57e87ed7fa7d"
  integrity sha512-8Y/t3MWThtMLYr0YNC/Q76tqN1w30+b0uQMeFUYauG2UGTR19zyUtFrAzT23zNtBxPp+LbE5E/nwV/q/r3y6ug==
  dependencies:
    core-js "^2.5.7"
    regenerator-runtime "^0.12.0"

"@babel/runtime@7.3.4":
  version "7.3.4"
  resolved "https://registry.yarnpkg.com/@babel/runtime/-/runtime-7.3.4.tgz#73d12ba819e365fcf7fd152aed56d6df97d21c83"
  integrity sha512-IvfvnMdSaLBateu0jfsYIpZTxAc2cKEXEMiezGGN75QcBcecDUKd3PgLAncT0oOgxKy8dd8hrJKj9MfzgfZd6g==
  dependencies:
    regenerator-runtime "^0.12.0"

core-js@^2.5.7:
  version "2.6.9"
  resolved "https://registry.yarnpkg.com/core-js/-/core-js-2.6.9.tgz#6b4b214620c834152e179323727fc19741b084f2"
  integrity sha512-HOpZf6eXmnl7la+cUdMnLvUxKNqLUzJvgIziQ0DiF3JwSImNphIqdGqzj6hIKyX04MmV0poclQ7+wjWvxQyR2A==

emoji-mart-vue-fast@^5.4.14:
  version "5.4.14"
  resolved "https://registry.yarnpkg.com/emoji-mart-vue-fast/-/emoji-mart-vue-fast-5.4.14.tgz#fcacf95dc7ac523b1e4d051c49f395df041f5bd4"
  integrity sha512-22iXzQDG/hJtq7sIsbxvrYztSIkT/0zRVji4VGpoEw3kCvFbYrxptj9jkrHFaHVfrlifO3pa0pMT+MtmQCRu4A==
  dependencies:
    "@babel/polyfill" "7.2.5"
    "@babel/runtime" "7.3.4"
    vue-virtual-scroller "^1.0.0-rc.2"

regenerator-runtime@^0.12.0:
  version "0.12.1"
  resolved "https://registry.yarnpkg.com/regenerator-runtime/-/regenerator-runtime-0.12.1.tgz#fa1a71544764c036f8c49b13a08b2594c9f8a0de"
  integrity sha512-odxIc1/vDlo4iZcfXqRYFj0vpXFNoGdKMAUieAlFYO6m/nl5e9KR/beGf41z4a1FI+aQgtjhuaSlDxQ0hmkrHg==

scrollparent@^2.0.1:
  version "2.0.1"
  resolved "https://registry.yarnpkg.com/scrollparent/-/scrollparent-2.0.1.tgz#715d5b9cc57760fb22bdccc3befb5bfe06b1a317"
  integrity sha1-cV1bnMV3YPsivczDvvtb/gaxoxc=

vue-drag-resize@^1.3.2:
  version "1.3.2"
  resolved "https://registry.yarnpkg.com/vue-drag-resize/-/vue-drag-resize-1.3.2.tgz#99132a99746c878e4596fad08d36c98f604930a3"
  integrity sha512-XiSEep3PPh9IPQqa4vIy/YENBpYch2SIPNipcPAEGhaSa0V8A8gSq9s7JQ66p/hiINdnR7f5ZqAkOdm6zU/4Gw==

vue-observe-visibility@^0.4.3:
  version "0.4.4"
  resolved "https://registry.yarnpkg.com/vue-observe-visibility/-/vue-observe-visibility-0.4.4.tgz#cf3e945bf80c1317a1c32bc516d6cfd4dda8f8fd"
  integrity sha512-2eDYHgL2MJ2wkkNZnus56D0CG8m80BFLuvEcGnD7rQ9jxFogpXMsM9aM5Md+XT8AmYGYCqVfOVBaWFtVvwbpmw==

vue-resize@^0.4.5:
  version "0.4.5"
  resolved "https://registry.yarnpkg.com/vue-resize/-/vue-resize-0.4.5.tgz#4777a23042e3c05620d9cbda01c0b3cc5e32dcea"
  integrity sha512-bhP7MlgJQ8TIkZJXAfDf78uJO+mEI3CaLABLjv0WNzr4CcGRGPIAItyWYnP6LsPA4Oq0WE+suidNs6dgpO4RHg==

vue-virtual-scroller@^1.0.0-rc.2:
  version "1.0.0-rc.2"
  resolved "https://registry.yarnpkg.com/vue-virtual-scroller/-/vue-virtual-scroller-1.0.0-rc.2.tgz#b03828496c87889641bdacc75510e5b1bf5bda7f"
  integrity sha512-4YFx1a+QDP4f6HW/HBI/qHcmSTlh7BMH6IjEH8WC3ylt499cErl0LpvLLAx9yo3c6NtuK/XvjYXi0vvdxFB5dw==
  dependencies:
    scrollparent "^2.0.1"
    vue-observe-visibility "^0.4.3"
    vue-resize "^0.4.5"

vuex@^3.1.1:
  version "3.1.1"
  resolved "https://registry.yarnpkg.com/vuex/-/vuex-3.1.1.tgz#0c264bfe30cdbccf96ab9db3177d211828a5910e"
  integrity sha512-ER5moSbLZuNSMBFnEBVGhQ1uCBNJslH9W/Dw2W7GZN23UQA69uapP5GTT9Vm8Trc0PzBSVt6LzF3hGjmv41xcg==
