# THIS IS AN AUTOGENERATED FILE. DO NOT EDIT THIS FILE DIRECTLY.
# yarn lockfile v1


clamp@^1.0.1:
  version "1.0.1"
  resolved "https://registry.yarnpkg.com/clamp/-/clamp-1.0.1.tgz#66a0e64011816e37196828fdc8c8c147312c8634"
  integrity sha1-ZqDmQBGBbjcZaCj9yMjBRzEshjQ=

lodash.difference@^4.5.0:
  version "4.5.0"
  resolved "https://registry.yarnpkg.com/lodash.difference/-/lodash.difference-4.5.0.tgz#9ccb4e505d486b91651345772885a2df27fd017c"
  integrity sha1-nMtOUF1Ia5FlE0V3KIWi3yf9AXw=

lodash.get@^4.4.2:
  version "4.4.2"
  resolved "https://registry.yarnpkg.com/lodash.get/-/lodash.get-4.4.2.tgz#2d177f652fa31e939b4438d5341499dfa3825e99"
  integrity sha1-LRd/ZS+jHpObRDjVNBSZ36OCXpk=

lodash.isequal@^4.5.0:
  version "4.5.0"
  resolved "https://registry.yarnpkg.com/lodash.isequal/-/lodash.isequal-4.5.0.tgz#415c4478f2bcc30120c22ce10ed3226f7d3e18e0"
  integrity sha1-QVxEePK8wwEgwizhDtMib30+GOA=

lodash.throttle@^4.0.0:
  version "4.1.1"
  resolved "https://registry.yarnpkg.com/lodash.throttle/-/lodash.throttle-4.1.1.tgz#c23e91b710242ac70c37f1e1cda9274cc39bf2f4"
  integrity sha1-wj6RtxAkKscMN/HhzaknTMOb8vQ=

lodash.unionby@^4.8.0:
  version "4.8.0"
  resolved "https://registry.yarnpkg.com/lodash.unionby/-/lodash.unionby-4.8.0.tgz#883f098ff78f564a727b7508e09cdd539734bb83"
  integrity sha1-iD8Jj/ePVkpye3UI4JzdU5c0u4M=

material-colors@^1.0.0:
  version "1.2.6"
  resolved "https://registry.yarnpkg.com/material-colors/-/material-colors-1.2.6.tgz#6d1958871126992ceecc72f4bcc4d8f010865f46"
  integrity sha512-6qE4B9deFBIa9YSpOc9O0Sgc43zTeVYbgDT5veRKSlB2+ZuHNoVVxA1L/ckMUayV9Ay9y7Z/SZCLcGteW9i7bg==

tinycolor2@^1.1.2:
  version "1.4.1"
  resolved "https://registry.yarnpkg.com/tinycolor2/-/tinycolor2-1.4.1.tgz#f4fad333447bc0b07d4dc8e9209d8f39a8ac77e8"
  integrity sha1-9PrTM0R7wLB9TcjpIJ2POaisd+g=

vue-color@^2.7.0:
  version "2.7.0"
  resolved "https://registry.yarnpkg.com/vue-color/-/vue-color-2.7.0.tgz#31e898370a5786fd6c3007388cb7242db6ba6988"
  integrity sha512-fak9oPRL3BsYtakTGmWIS2yNRppRYNlMgGGq78CMH34ipU8fLgi/bT9JiSPcscpdTNLGracuOFuZ8OFeml+SQQ==
  dependencies:
    clamp "^1.0.1"
    lodash.throttle "^4.0.0"
    material-colors "^1.0.0"
    tinycolor2 "^1.1.2"

"vue-drag-resize@https://github.com/kirillmurashov/vue-drag-resize#master":
  version "1.3.2"
  resolved "https://github.com/kirillmurashov/vue-drag-resize#e6fe21c1b13240d597b3179cecae233e4b9e80c3"

vuex@^3.1.1:
  version "3.1.2"
  resolved "https://registry.yarnpkg.com/vuex/-/vuex-3.1.2.tgz#a2863f4005aa73f2587e55c3fadf3f01f69c7d4d"
  integrity sha512-ha3jNLJqNhhrAemDXcmMJMKf1Zu4sybMPr9KxJIuOpVcsDQlTBYLLladav2U+g1AvdYDG5Gs0xBTb0M5pXXYFQ==
